// !$*UTF8*$!
{
	archiveVersion = 1;
	classes = {
	};
	objectVersion = 55;
	objects = {

/* Begin PBXBuildFile section */
		670A80D9287BFE6400606DEA /* AppDelegate.swift in Sources */ = {isa = PBXBuildFile; fileRef = 670A80D8287BFE6400606DEA /* AppDelegate.swift */; };
		670A80DB287BFE6400606DEA /* SceneDelegate.swift in Sources */ = {isa = PBXBuildFile; fileRef = 670A80DA287BFE6400606DEA /* SceneDelegate.swift */; };
		670A80E2287BFE6600606DEA /* Assets.xcassets in Resources */ = {isa = PBXBuildFile; fileRef = 670A80E1287BFE6600606DEA /* Assets.xcassets */; };
		670A80E5287BFE6600606DEA /* LaunchScreen.storyboard in Resources */ = {isa = PBXBuildFile; fileRef = 670A80E3287BFE6600606DEA /* LaunchScreen.storyboard */; };
		670A80F0287BFE6600606DEA /* ExpenseTrackerTests.swift in Sources */ = {isa = PBXBuildFile; fileRef = 670A80EF287BFE6600606DEA /* ExpenseTrackerTests.swift */; };
		670A80FA287BFE6600606DEA /* ExpenseTrackerUITests.swift in Sources */ = {isa = PBXBuildFile; fileRef = 670A80F9287BFE6600606DEA /* ExpenseTrackerUITests.swift */; };
		670A80FC287BFE6600606DEA /* ExpenseTrackerUITestsLaunchTests.swift in Sources */ = {isa = PBXBuildFile; fileRef = 670A80FB287BFE6600606DEA /* ExpenseTrackerUITestsLaunchTests.swift */; };
		6729B037287C1B84003F3259 /* LoginViewController.swift in Sources */ = {isa = PBXBuildFile; fileRef = 6729B036287C1B84003F3259 /* LoginViewController.swift */; };
		6729B042287D3FEA003F3259 /* LoginAndRegisterFlow.storyboard in Resources */ = {isa = PBXBuildFile; fileRef = 6729B041287D3FEA003F3259 /* LoginAndRegisterFlow.storyboard */; };
		6729B047287D5E7A003F3259 /* FirstStepRegistrationViewController.swift in Sources */ = {isa = PBXBuildFile; fileRef = 6729B046287D5E7A003F3259 /* FirstStepRegistrationViewController.swift */; };
		6729B049287D6344003F3259 /* SecondStepRegistrationViewController.swift in Sources */ = {isa = PBXBuildFile; fileRef = 6729B048287D6344003F3259 /* SecondStepRegistrationViewController.swift */; };
		6729B04C287D63AB003F3259 /* GenderButton.swift in Sources */ = {isa = PBXBuildFile; fileRef = 6729B04B287D63AB003F3259 /* GenderButton.swift */; };
		6729B04F287D688D003F3259 /* RoundedTextField.swift in Sources */ = {isa = PBXBuildFile; fileRef = 6729B04E287D688D003F3259 /* RoundedTextField.swift */; };
		67DF68B9287D740E00F205F7 /* DateInputField.swift in Sources */ = {isa = PBXBuildFile; fileRef = 67DF68B8287D740E00F205F7 /* DateInputField.swift */; };
		67DF68BF287D764700F205F7 /* SFSymbols.swift in Sources */ = {isa = PBXBuildFile; fileRef = 67DF68BE287D764700F205F7 /* SFSymbols.swift */; };
		67DF68C1287D809800F205F7 /* Strings.swift in Sources */ = {isa = PBXBuildFile; fileRef = 67DF68C0287D809800F205F7 /* Strings.swift */; };
		67DF68C5287D828800F205F7 /* Localizable.strings in Resources */ = {isa = PBXBuildFile; fileRef = 67DF68C7287D828800F205F7 /* Localizable.strings */; };
		67DF68CB287D85D200F205F7 /* String+Extension.swift in Sources */ = {isa = PBXBuildFile; fileRef = 67DF68CA287D85D200F205F7 /* String+Extension.swift */; };
		67DF68CD287D8DA600F205F7 /* RoundedButton.swift in Sources */ = {isa = PBXBuildFile; fileRef = 67DF68CC287D8DA600F205F7 /* RoundedButton.swift */; };
/* End PBXBuildFile section */

/* Begin PBXContainerItemProxy section */
		670A80EC287BFE6600606DEA /* PBXContainerItemProxy */ = {
			isa = PBXContainerItemProxy;
			containerPortal = 670A80CD287BFE6300606DEA /* Project object */;
			proxyType = 1;
			remoteGlobalIDString = 670A80D4287BFE6300606DEA;
			remoteInfo = ExpenseTracker;
		};
		670A80F6287BFE6600606DEA /* PBXContainerItemProxy */ = {
			isa = PBXContainerItemProxy;
			containerPortal = 670A80CD287BFE6300606DEA /* Project object */;
			proxyType = 1;
			remoteGlobalIDString = 670A80D4287BFE6300606DEA;
			remoteInfo = ExpenseTracker;
		};
/* End PBXContainerItemProxy section */

/* Begin PBXFileReference section */
		670A80D5287BFE6300606DEA /* ExpenseTracker.app */ = {isa = PBXFileReference; explicitFileType = wrapper.application; includeInIndex = 0; path = ExpenseTracker.app; sourceTree = BUILT_PRODUCTS_DIR; };
		670A80D8287BFE6400606DEA /* AppDelegate.swift */ = {isa = PBXFileReference; lastKnownFileType = sourcecode.swift; path = AppDelegate.swift; sourceTree = "<group>"; };
		670A80DA287BFE6400606DEA /* SceneDelegate.swift */ = {isa = PBXFileReference; lastKnownFileType = sourcecode.swift; path = SceneDelegate.swift; sourceTree = "<group>"; };
		670A80E1287BFE6600606DEA /* Assets.xcassets */ = {isa = PBXFileReference; lastKnownFileType = folder.assetcatalog; path = Assets.xcassets; sourceTree = "<group>"; };
		670A80E4287BFE6600606DEA /* Base */ = {isa = PBXFileReference; lastKnownFileType = file.storyboard; name = Base; path = Base.lproj/LaunchScreen.storyboard; sourceTree = "<group>"; };
		670A80E6287BFE6600606DEA /* Info.plist */ = {isa = PBXFileReference; lastKnownFileType = text.plist.xml; path = Info.plist; sourceTree = "<group>"; };
		670A80EB287BFE6600606DEA /* ExpenseTrackerTests.xctest */ = {isa = PBXFileReference; explicitFileType = wrapper.cfbundle; includeInIndex = 0; path = ExpenseTrackerTests.xctest; sourceTree = BUILT_PRODUCTS_DIR; };
		670A80EF287BFE6600606DEA /* ExpenseTrackerTests.swift */ = {isa = PBXFileReference; lastKnownFileType = sourcecode.swift; path = ExpenseTrackerTests.swift; sourceTree = "<group>"; };
		670A80F5287BFE6600606DEA /* ExpenseTrackerUITests.xctest */ = {isa = PBXFileReference; explicitFileType = wrapper.cfbundle; includeInIndex = 0; path = ExpenseTrackerUITests.xctest; sourceTree = BUILT_PRODUCTS_DIR; };
		670A80F9287BFE6600606DEA /* ExpenseTrackerUITests.swift */ = {isa = PBXFileReference; lastKnownFileType = sourcecode.swift; path = ExpenseTrackerUITests.swift; sourceTree = "<group>"; };
		670A80FB287BFE6600606DEA /* ExpenseTrackerUITestsLaunchTests.swift */ = {isa = PBXFileReference; lastKnownFileType = sourcecode.swift; path = ExpenseTrackerUITestsLaunchTests.swift; sourceTree = "<group>"; };
		6729B036287C1B84003F3259 /* LoginViewController.swift */ = {isa = PBXFileReference; lastKnownFileType = sourcecode.swift; path = LoginViewController.swift; sourceTree = "<group>"; };
		6729B041287D3FEA003F3259 /* LoginAndRegisterFlow.storyboard */ = {isa = PBXFileReference; lastKnownFileType = file.storyboard; path = LoginAndRegisterFlow.storyboard; sourceTree = "<group>"; };
		6729B046287D5E7A003F3259 /* FirstStepRegistrationViewController.swift */ = {isa = PBXFileReference; lastKnownFileType = sourcecode.swift; path = FirstStepRegistrationViewController.swift; sourceTree = "<group>"; };
		6729B048287D6344003F3259 /* SecondStepRegistrationViewController.swift */ = {isa = PBXFileReference; lastKnownFileType = sourcecode.swift; path = SecondStepRegistrationViewController.swift; sourceTree = "<group>"; };
		6729B04B287D63AB003F3259 /* GenderButton.swift */ = {isa = PBXFileReference; lastKnownFileType = sourcecode.swift; path = GenderButton.swift; sourceTree = "<group>"; };
		6729B04E287D688D003F3259 /* RoundedTextField.swift */ = {isa = PBXFileReference; lastKnownFileType = sourcecode.swift; path = RoundedTextField.swift; sourceTree = "<group>"; };
		67DF68B8287D740E00F205F7 /* DateInputField.swift */ = {isa = PBXFileReference; lastKnownFileType = sourcecode.swift; path = DateInputField.swift; sourceTree = "<group>"; };
		67DF68BE287D764700F205F7 /* SFSymbols.swift */ = {isa = PBXFileReference; lastKnownFileType = sourcecode.swift; path = SFSymbols.swift; sourceTree = "<group>"; };
		67DF68C0287D809800F205F7 /* Strings.swift */ = {isa = PBXFileReference; lastKnownFileType = sourcecode.swift; path = Strings.swift; sourceTree = "<group>"; };
		67DF68C6287D828800F205F7 /* en */ = {isa = PBXFileReference; lastKnownFileType = text.plist.strings; name = en; path = en.lproj/Localizable.strings; sourceTree = "<group>"; };
		67DF68C8287D82D900F205F7 /* hr */ = {isa = PBXFileReference; lastKnownFileType = text.plist.strings; name = hr; path = hr.lproj/LaunchScreen.strings; sourceTree = "<group>"; };
		67DF68C9287D82D900F205F7 /* hr */ = {isa = PBXFileReference; lastKnownFileType = text.plist.strings; name = hr; path = hr.lproj/Localizable.strings; sourceTree = "<group>"; };
		67DF68CA287D85D200F205F7 /* String+Extension.swift */ = {isa = PBXFileReference; lastKnownFileType = sourcecode.swift; path = "String+Extension.swift"; sourceTree = "<group>"; };
		67DF68CC287D8DA600F205F7 /* RoundedButton.swift */ = {isa = PBXFileReference; lastKnownFileType = sourcecode.swift; path = RoundedButton.swift; sourceTree = "<group>"; };
/* End PBXFileReference section */

/* Begin PBXFrameworksBuildPhase section */
		670A80D2287BFE6300606DEA /* Frameworks */ = {
			isa = PBXFrameworksBuildPhase;
			buildActionMask = 2147483647;
			files = (
			);
			runOnlyForDeploymentPostprocessing = 0;
		};
		670A80E8287BFE6600606DEA /* Frameworks */ = {
			isa = PBXFrameworksBuildPhase;
			buildActionMask = 2147483647;
			files = (
			);
			runOnlyForDeploymentPostprocessing = 0;
		};
		670A80F2287BFE6600606DEA /* Frameworks */ = {
			isa = PBXFrameworksBuildPhase;
			buildActionMask = 2147483647;
			files = (
			);
			runOnlyForDeploymentPostprocessing = 0;
		};
/* End PBXFrameworksBuildPhase section */

/* Begin PBXGroup section */
		670A80CC287BFE6300606DEA = {
			isa = PBXGroup;
			children = (
				670A80D7287BFE6300606DEA /* ExpenseTracker */,
				670A80EE287BFE6600606DEA /* ExpenseTrackerTests */,
				670A80F8287BFE6600606DEA /* ExpenseTrackerUITests */,
				670A80D6287BFE6300606DEA /* Products */,
			);
			sourceTree = "<group>";
		};
		670A80D6287BFE6300606DEA /* Products */ = {
			isa = PBXGroup;
			children = (
				670A80D5287BFE6300606DEA /* ExpenseTracker.app */,
				670A80EB287BFE6600606DEA /* ExpenseTrackerTests.xctest */,
				670A80F5287BFE6600606DEA /* ExpenseTrackerUITests.xctest */,
			);
			name = Products;
			sourceTree = "<group>";
		};
		670A80D7287BFE6300606DEA /* ExpenseTracker */ = {
			isa = PBXGroup;
			children = (
				67DF68C2287D826800F205F7 /* Localization */,
				67DF68B5287D6E8900F205F7 /* Constants */,
				6729B035287C1B71003F3259 /* UI */,
				670A8108287BFF0100606DEA /* Supporting Files */,
			);
			path = ExpenseTracker;
			sourceTree = "<group>";
		};
		670A80EE287BFE6600606DEA /* ExpenseTrackerTests */ = {
			isa = PBXGroup;
			children = (
				670A80EF287BFE6600606DEA /* ExpenseTrackerTests.swift */,
			);
			path = ExpenseTrackerTests;
			sourceTree = "<group>";
		};
		670A80F8287BFE6600606DEA /* ExpenseTrackerUITests */ = {
			isa = PBXGroup;
			children = (
				670A80F9287BFE6600606DEA /* ExpenseTrackerUITests.swift */,
				670A80FB287BFE6600606DEA /* ExpenseTrackerUITestsLaunchTests.swift */,
			);
			path = ExpenseTrackerUITests;
			sourceTree = "<group>";
		};
		670A8108287BFF0100606DEA /* Supporting Files */ = {
			isa = PBXGroup;
			children = (
				670A80D8287BFE6400606DEA /* AppDelegate.swift */,
				670A80DA287BFE6400606DEA /* SceneDelegate.swift */,
				670A80E3287BFE6600606DEA /* LaunchScreen.storyboard */,
				670A80E1287BFE6600606DEA /* Assets.xcassets */,
				670A80E6287BFE6600606DEA /* Info.plist */,
			);
			path = "Supporting Files";
			sourceTree = "<group>";
		};
		6729B035287C1B71003F3259 /* UI */ = {
			isa = PBXGroup;
			children = (
				6729B04D287D6875003F3259 /* Input Fields */,
				6729B04A287D6396003F3259 /* Buttons */,
				6729B040287D3FD2003F3259 /* Storyboards */,
				6729B038287C1BB0003F3259 /* Controllers */,
			);
			path = UI;
			sourceTree = "<group>";
		};
		6729B038287C1BB0003F3259 /* Controllers */ = {
			isa = PBXGroup;
			children = (
				6729B036287C1B84003F3259 /* LoginViewController.swift */,
				6729B046287D5E7A003F3259 /* FirstStepRegistrationViewController.swift */,
				6729B048287D6344003F3259 /* SecondStepRegistrationViewController.swift */,
			);
			path = Controllers;
			sourceTree = "<group>";
		};
		6729B040287D3FD2003F3259 /* Storyboards */ = {
			isa = PBXGroup;
			children = (
				6729B041287D3FEA003F3259 /* LoginAndRegisterFlow.storyboard */,
			);
			path = Storyboards;
			sourceTree = "<group>";
		};
		6729B04A287D6396003F3259 /* Buttons */ = {
			isa = PBXGroup;
			children = (
				6729B04B287D63AB003F3259 /* GenderButton.swift */,
				67DF68CC287D8DA600F205F7 /* RoundedButton.swift */,
			);
			path = Buttons;
			sourceTree = "<group>";
		};
		6729B04D287D6875003F3259 /* Input Fields */ = {
			isa = PBXGroup;
			children = (
				6729B04E287D688D003F3259 /* RoundedTextField.swift */,
				67DF68B8287D740E00F205F7 /* DateInputField.swift */,
			);
			path = "Input Fields";
			sourceTree = "<group>";
		};
		67DF68B5287D6E8900F205F7 /* Constants */ = {
			isa = PBXGroup;
			children = (
				67DF68BE287D764700F205F7 /* SFSymbols.swift */,
				67DF68C0287D809800F205F7 /* Strings.swift */,
			);
			path = Constants;
			sourceTree = "<group>";
		};
		67DF68C2287D826800F205F7 /* Localization */ = {
			isa = PBXGroup;
			children = (
				67DF68CA287D85D200F205F7 /* String+Extension.swift */,
				67DF68C7287D828800F205F7 /* Localizable.strings */,
			);
			path = Localization;
			sourceTree = "<group>";
		};
/* End PBXGroup section */

/* Begin PBXNativeTarget section */
		670A80D4287BFE6300606DEA /* ExpenseTracker */ = {
			isa = PBXNativeTarget;
			buildConfigurationList = 670A80FF287BFE6600606DEA /* Build configuration list for PBXNativeTarget "ExpenseTracker" */;
			buildPhases = (
				670A80D1287BFE6300606DEA /* Sources */,
				670A80D2287BFE6300606DEA /* Frameworks */,
				670A80D3287BFE6300606DEA /* Resources */,
			);
			buildRules = (
			);
			dependencies = (
			);
			name = ExpenseTracker;
			productName = ExpenseTracker;
			productReference = 670A80D5287BFE6300606DEA /* ExpenseTracker.app */;
			productType = "com.apple.product-type.application";
		};
		670A80EA287BFE6600606DEA /* ExpenseTrackerTests */ = {
			isa = PBXNativeTarget;
			buildConfigurationList = 670A8102287BFE6600606DEA /* Build configuration list for PBXNativeTarget "ExpenseTrackerTests" */;
			buildPhases = (
				670A80E7287BFE6600606DEA /* Sources */,
				670A80E8287BFE6600606DEA /* Frameworks */,
				670A80E9287BFE6600606DEA /* Resources */,
			);
			buildRules = (
			);
			dependencies = (
				670A80ED287BFE6600606DEA /* PBXTargetDependency */,
			);
			name = ExpenseTrackerTests;
			productName = ExpenseTrackerTests;
			productReference = 670A80EB287BFE6600606DEA /* ExpenseTrackerTests.xctest */;
			productType = "com.apple.product-type.bundle.unit-test";
		};
		670A80F4287BFE6600606DEA /* ExpenseTrackerUITests */ = {
			isa = PBXNativeTarget;
			buildConfigurationList = 670A8105287BFE6600606DEA /* Build configuration list for PBXNativeTarget "ExpenseTrackerUITests" */;
			buildPhases = (
				670A80F1287BFE6600606DEA /* Sources */,
				670A80F2287BFE6600606DEA /* Frameworks */,
				670A80F3287BFE6600606DEA /* Resources */,
			);
			buildRules = (
			);
			dependencies = (
				670A80F7287BFE6600606DEA /* PBXTargetDependency */,
			);
			name = ExpenseTrackerUITests;
			productName = ExpenseTrackerUITests;
			productReference = 670A80F5287BFE6600606DEA /* ExpenseTrackerUITests.xctest */;
			productType = "com.apple.product-type.bundle.ui-testing";
		};
/* End PBXNativeTarget section */

/* Begin PBXProject section */
		670A80CD287BFE6300606DEA /* Project object */ = {
			isa = PBXProject;
			attributes = {
				BuildIndependentTargetsInParallel = 1;
				LastSwiftUpdateCheck = 1340;
				LastUpgradeCheck = 1340;
				TargetAttributes = {
					670A80D4287BFE6300606DEA = {
						CreatedOnToolsVersion = 13.4;
					};
					670A80EA287BFE6600606DEA = {
						CreatedOnToolsVersion = 13.4;
						TestTargetID = 670A80D4287BFE6300606DEA;
					};
					670A80F4287BFE6600606DEA = {
						CreatedOnToolsVersion = 13.4;
						TestTargetID = 670A80D4287BFE6300606DEA;
					};
				};
			};
			buildConfigurationList = 670A80D0287BFE6300606DEA /* Build configuration list for PBXProject "ExpenseTracker" */;
			compatibilityVersion = "Xcode 13.0";
			developmentRegion = en;
			hasScannedForEncodings = 0;
			knownRegions = (
				en,
				Base,
				hr,
			);
			mainGroup = 670A80CC287BFE6300606DEA;
			productRefGroup = 670A80D6287BFE6300606DEA /* Products */;
			projectDirPath = "";
			projectRoot = "";
			targets = (
				670A80D4287BFE6300606DEA /* ExpenseTracker */,
				670A80EA287BFE6600606DEA /* ExpenseTrackerTests */,
				670A80F4287BFE6600606DEA /* ExpenseTrackerUITests */,
			);
		};
/* End PBXProject section */

/* Begin PBXResourcesBuildPhase section */
		670A80D3287BFE6300606DEA /* Resources */ = {
			isa = PBXResourcesBuildPhase;
			buildActionMask = 2147483647;
			files = (
				670A80E5287BFE6600606DEA /* LaunchScreen.storyboard in Resources */,
				67DF68C5287D828800F205F7 /* Localizable.strings in Resources */,
				6729B042287D3FEA003F3259 /* LoginAndRegisterFlow.storyboard in Resources */,
				670A80E2287BFE6600606DEA /* Assets.xcassets in Resources */,
			);
			runOnlyForDeploymentPostprocessing = 0;
		};
		670A80E9287BFE6600606DEA /* Resources */ = {
			isa = PBXResourcesBuildPhase;
			buildActionMask = 2147483647;
			files = (
			);
			runOnlyForDeploymentPostprocessing = 0;
		};
		670A80F3287BFE6600606DEA /* Resources */ = {
			isa = PBXResourcesBuildPhase;
			buildActionMask = 2147483647;
			files = (
			);
			runOnlyForDeploymentPostprocessing = 0;
		};
/* End PBXResourcesBuildPhase section */

/* Begin PBXSourcesBuildPhase section */
		670A80D1287BFE6300606DEA /* Sources */ = {
			isa = PBXSourcesBuildPhase;
			buildActionMask = 2147483647;
			files = (
				6729B037287C1B84003F3259 /* LoginViewController.swift in Sources */,
				67DF68CB287D85D200F205F7 /* String+Extension.swift in Sources */,
				67DF68BF287D764700F205F7 /* SFSymbols.swift in Sources */,
				67DF68C1287D809800F205F7 /* Strings.swift in Sources */,
				6729B047287D5E7A003F3259 /* FirstStepRegistrationViewController.swift in Sources */,
				6729B04F287D688D003F3259 /* RoundedTextField.swift in Sources */,
				6729B049287D6344003F3259 /* SecondStepRegistrationViewController.swift in Sources */,
				67DF68CD287D8DA600F205F7 /* RoundedButton.swift in Sources */,
				6729B04C287D63AB003F3259 /* GenderButton.swift in Sources */,
				670A80D9287BFE6400606DEA /* AppDelegate.swift in Sources */,
				670A80DB287BFE6400606DEA /* SceneDelegate.swift in Sources */,
				67DF68B9287D740E00F205F7 /* DateInputField.swift in Sources */,
			);
			runOnlyForDeploymentPostprocessing = 0;
		};
		670A80E7287BFE6600606DEA /* Sources */ = {
			isa = PBXSourcesBuildPhase;
			buildActionMask = 2147483647;
			files = (
				670A80F0287BFE6600606DEA /* ExpenseTrackerTests.swift in Sources */,
			);
			runOnlyForDeploymentPostprocessing = 0;
		};
		670A80F1287BFE6600606DEA /* Sources */ = {
			isa = PBXSourcesBuildPhase;
			buildActionMask = 2147483647;
			files = (
				670A80FC287BFE6600606DEA /* ExpenseTrackerUITestsLaunchTests.swift in Sources */,
				670A80FA287BFE6600606DEA /* ExpenseTrackerUITests.swift in Sources */,
			);
			runOnlyForDeploymentPostprocessing = 0;
		};
/* End PBXSourcesBuildPhase section */

/* Begin PBXTargetDependency section */
		670A80ED287BFE6600606DEA /* PBXTargetDependency */ = {
			isa = PBXTargetDependency;
			target = 670A80D4287BFE6300606DEA /* ExpenseTracker */;
			targetProxy = 670A80EC287BFE6600606DEA /* PBXContainerItemProxy */;
		};
		670A80F7287BFE6600606DEA /* PBXTargetDependency */ = {
			isa = PBXTargetDependency;
			target = 670A80D4287BFE6300606DEA /* ExpenseTracker */;
			targetProxy = 670A80F6287BFE6600606DEA /* PBXContainerItemProxy */;
		};
/* End PBXTargetDependency section */

/* Begin PBXVariantGroup section */
		670A80E3287BFE6600606DEA /* LaunchScreen.storyboard */ = {
			isa = PBXVariantGroup;
			children = (
				670A80E4287BFE6600606DEA /* Base */,
				67DF68C8287D82D900F205F7 /* hr */,
			);
			name = LaunchScreen.storyboard;
			sourceTree = "<group>";
		};
		67DF68C7287D828800F205F7 /* Localizable.strings */ = {
			isa = PBXVariantGroup;
			children = (
				67DF68C6287D828800F205F7 /* en */,
				67DF68C9287D82D900F205F7 /* hr */,
			);
			name = Localizable.strings;
			sourceTree = "<group>";
		};
/* End PBXVariantGroup section */

/* Begin XCBuildConfiguration section */
		670A80FD287BFE6600606DEA /* Debug */ = {
			isa = XCBuildConfiguration;
			buildSettings = {
				ALWAYS_SEARCH_USER_PATHS = NO;
				CLANG_ANALYZER_LOCALIZABILITY_NONLOCALIZED = YES;
				CLANG_ANALYZER_NONNULL = YES;
				CLANG_ANALYZER_NUMBER_OBJECT_CONVERSION = YES_AGGRESSIVE;
				CLANG_CXX_LANGUAGE_STANDARD = "gnu++17";
				CLANG_ENABLE_MODULES = YES;
				CLANG_ENABLE_OBJC_ARC = YES;
				CLANG_ENABLE_OBJC_WEAK = YES;
				CLANG_WARN_BLOCK_CAPTURE_AUTORELEASING = YES;
				CLANG_WARN_BOOL_CONVERSION = YES;
				CLANG_WARN_COMMA = YES;
				CLANG_WARN_CONSTANT_CONVERSION = YES;
				CLANG_WARN_DEPRECATED_OBJC_IMPLEMENTATIONS = YES;
				CLANG_WARN_DIRECT_OBJC_ISA_USAGE = YES_ERROR;
				CLANG_WARN_DOCUMENTATION_COMMENTS = YES;
				CLANG_WARN_EMPTY_BODY = YES;
				CLANG_WARN_ENUM_CONVERSION = YES;
				CLANG_WARN_INFINITE_RECURSION = YES;
				CLANG_WARN_INT_CONVERSION = YES;
				CLANG_WARN_NON_LITERAL_NULL_CONVERSION = YES;
				CLANG_WARN_OBJC_IMPLICIT_RETAIN_SELF = YES;
				CLANG_WARN_OBJC_LITERAL_CONVERSION = YES;
				CLANG_WARN_OBJC_ROOT_CLASS = YES_ERROR;
				CLANG_WARN_QUOTED_INCLUDE_IN_FRAMEWORK_HEADER = YES;
				CLANG_WARN_RANGE_LOOP_ANALYSIS = YES;
				CLANG_WARN_STRICT_PROTOTYPES = YES;
				CLANG_WARN_SUSPICIOUS_MOVE = YES;
				CLANG_WARN_UNGUARDED_AVAILABILITY = YES_AGGRESSIVE;
				CLANG_WARN_UNREACHABLE_CODE = YES;
				CLANG_WARN__DUPLICATE_METHOD_MATCH = YES;
				COPY_PHASE_STRIP = NO;
				DEBUG_INFORMATION_FORMAT = dwarf;
				ENABLE_STRICT_OBJC_MSGSEND = YES;
				ENABLE_TESTABILITY = YES;
				GCC_C_LANGUAGE_STANDARD = gnu11;
				GCC_DYNAMIC_NO_PIC = NO;
				GCC_NO_COMMON_BLOCKS = YES;
				GCC_OPTIMIZATION_LEVEL = 0;
				GCC_PREPROCESSOR_DEFINITIONS = (
					"DEBUG=1",
					"$(inherited)",
				);
				GCC_WARN_64_TO_32_BIT_CONVERSION = YES;
				GCC_WARN_ABOUT_RETURN_TYPE = YES_ERROR;
				GCC_WARN_UNDECLARED_SELECTOR = YES;
				GCC_WARN_UNINITIALIZED_AUTOS = YES_AGGRESSIVE;
				GCC_WARN_UNUSED_FUNCTION = YES;
				GCC_WARN_UNUSED_VARIABLE = YES;
				IPHONEOS_DEPLOYMENT_TARGET = 15.5;
				MTL_ENABLE_DEBUG_INFO = INCLUDE_SOURCE;
				MTL_FAST_MATH = YES;
				ONLY_ACTIVE_ARCH = YES;
				SDKROOT = iphoneos;
				SWIFT_ACTIVE_COMPILATION_CONDITIONS = DEBUG;
				SWIFT_OPTIMIZATION_LEVEL = "-Onone";
			};
			name = Debug;
		};
		670A80FE287BFE6600606DEA /* Release */ = {
			isa = XCBuildConfiguration;
			buildSettings = {
				ALWAYS_SEARCH_USER_PATHS = NO;
				CLANG_ANALYZER_LOCALIZABILITY_NONLOCALIZED = YES;
				CLANG_ANALYZER_NONNULL = YES;
				CLANG_ANALYZER_NUMBER_OBJECT_CONVERSION = YES_AGGRESSIVE;
				CLANG_CXX_LANGUAGE_STANDARD = "gnu++17";
				CLANG_ENABLE_MODULES = YES;
				CLANG_ENABLE_OBJC_ARC = YES;
				CLANG_ENABLE_OBJC_WEAK = YES;
				CLANG_WARN_BLOCK_CAPTURE_AUTORELEASING = YES;
				CLANG_WARN_BOOL_CONVERSION = YES;
				CLANG_WARN_COMMA = YES;
				CLANG_WARN_CONSTANT_CONVERSION = YES;
				CLANG_WARN_DEPRECATED_OBJC_IMPLEMENTATIONS = YES;
				CLANG_WARN_DIRECT_OBJC_ISA_USAGE = YES_ERROR;
				CLANG_WARN_DOCUMENTATION_COMMENTS = YES;
				CLANG_WARN_EMPTY_BODY = YES;
				CLANG_WARN_ENUM_CONVERSION = YES;
				CLANG_WARN_INFINITE_RECURSION = YES;
				CLANG_WARN_INT_CONVERSION = YES;
				CLANG_WARN_NON_LITERAL_NULL_CONVERSION = YES;
				CLANG_WARN_OBJC_IMPLICIT_RETAIN_SELF = YES;
				CLANG_WARN_OBJC_LITERAL_CONVERSION = YES;
				CLANG_WARN_OBJC_ROOT_CLASS = YES_ERROR;
				CLANG_WARN_QUOTED_INCLUDE_IN_FRAMEWORK_HEADER = YES;
				CLANG_WARN_RANGE_LOOP_ANALYSIS = YES;
				CLANG_WARN_STRICT_PROTOTYPES = YES;
				CLANG_WARN_SUSPICIOUS_MOVE = YES;
				CLANG_WARN_UNGUARDED_AVAILABILITY = YES_AGGRESSIVE;
				CLANG_WARN_UNREACHABLE_CODE = YES;
				CLANG_WARN__DUPLICATE_METHOD_MATCH = YES;
				COPY_PHASE_STRIP = NO;
				DEBUG_INFORMATION_FORMAT = "dwarf-with-dsym";
				ENABLE_NS_ASSERTIONS = NO;
				ENABLE_STRICT_OBJC_MSGSEND = YES;
				GCC_C_LANGUAGE_STANDARD = gnu11;
				GCC_NO_COMMON_BLOCKS = YES;
				GCC_WARN_64_TO_32_BIT_CONVERSION = YES;
				GCC_WARN_ABOUT_RETURN_TYPE = YES_ERROR;
				GCC_WARN_UNDECLARED_SELECTOR = YES;
				GCC_WARN_UNINITIALIZED_AUTOS = YES_AGGRESSIVE;
				GCC_WARN_UNUSED_FUNCTION = YES;
				GCC_WARN_UNUSED_VARIABLE = YES;
				IPHONEOS_DEPLOYMENT_TARGET = 15.5;
				MTL_ENABLE_DEBUG_INFO = NO;
				MTL_FAST_MATH = YES;
				SDKROOT = iphoneos;
				SWIFT_COMPILATION_MODE = wholemodule;
				SWIFT_OPTIMIZATION_LEVEL = "-O";
				VALIDATE_PRODUCT = YES;
			};
			name = Release;
		};
		670A8100287BFE6600606DEA /* Debug */ = {
			isa = XCBuildConfiguration;
			buildSettings = {
				ASSETCATALOG_COMPILER_APPICON_NAME = AppIcon;
				ASSETCATALOG_COMPILER_GLOBAL_ACCENT_COLOR_NAME = AccentColor;
				CODE_SIGN_STYLE = Automatic;
				CURRENT_PROJECT_VERSION = 1;
				DEVELOPMENT_TEAM = W938BPN556;
				GENERATE_INFOPLIST_FILE = YES;
				INFOPLIST_FILE = "ExpenseTracker/Supporting Files/Info.plist";
				INFOPLIST_KEY_CFBundleDisplayName = ExpenseTracker;
				INFOPLIST_KEY_NSMainNibFile = LoginAndRegisterFlow;
				INFOPLIST_KEY_UIApplicationSupportsIndirectInputEvents = YES;
				INFOPLIST_KEY_UILaunchStoryboardName = LaunchScreen;
				INFOPLIST_KEY_UISupportedInterfaceOrientations = UIInterfaceOrientationPortrait;
				INFOPLIST_KEY_UISupportedInterfaceOrientations_iPad = "UIInterfaceOrientationPortrait UIInterfaceOrientationPortraitUpsideDown UIInterfaceOrientationLandscapeLeft UIInterfaceOrientationLandscapeRight";
				INFOPLIST_KEY_UISupportedInterfaceOrientations_iPhone = "UIInterfaceOrientationPortrait UIInterfaceOrientationLandscapeLeft UIInterfaceOrientationLandscapeRight";
				LD_RUNPATH_SEARCH_PATHS = (
					"$(inherited)",
					"@executable_path/Frameworks",
				);
				MARKETING_VERSION = 1.0;
				PRODUCT_BUNDLE_IDENTIFIER = com.zeljkolucic.ExpenseTracker;
				PRODUCT_NAME = "$(TARGET_NAME)";
				SWIFT_EMIT_LOC_STRINGS = YES;
				SWIFT_VERSION = 5.0;
				TARGETED_DEVICE_FAMILY = 1;
			};
			name = Debug;
		};
		670A8101287BFE6600606DEA /* Release */ = {
			isa = XCBuildConfiguration;
			buildSettings = {
				ASSETCATALOG_COMPILER_APPICON_NAME = AppIcon;
				ASSETCATALOG_COMPILER_GLOBAL_ACCENT_COLOR_NAME = AccentColor;
				CODE_SIGN_STYLE = Automatic;
				CURRENT_PROJECT_VERSION = 1;
				DEVELOPMENT_TEAM = W938BPN556;
				GENERATE_INFOPLIST_FILE = YES;
				INFOPLIST_FILE = "ExpenseTracker/Supporting Files/Info.plist";
				INFOPLIST_KEY_CFBundleDisplayName = ExpenseTracker;
				INFOPLIST_KEY_NSMainNibFile = LoginAndRegisterFlow;
				INFOPLIST_KEY_UIApplicationSupportsIndirectInputEvents = YES;
				INFOPLIST_KEY_UILaunchStoryboardName = LaunchScreen;
				INFOPLIST_KEY_UISupportedInterfaceOrientations = UIInterfaceOrientationPortrait;
				INFOPLIST_KEY_UISupportedInterfaceOrientations_iPad = "UIInterfaceOrientationPortrait UIInterfaceOrientationPortraitUpsideDown UIInterfaceOrientationLandscapeLeft UIInterfaceOrientationLandscapeRight";
				INFOPLIST_KEY_UISupportedInterfaceOrientations_iPhone = "UIInterfaceOrientationPortrait UIInterfaceOrientationLandscapeLeft UIInterfaceOrientationLandscapeRight";
				LD_RUNPATH_SEARCH_PATHS = (
					"$(inherited)",
					"@executable_path/Frameworks",
				);
				MARKETING_VERSION = 1.0;
				PRODUCT_BUNDLE_IDENTIFIER = com.zeljkolucic.ExpenseTracker;
				PRODUCT_NAME = "$(TARGET_NAME)";
				SWIFT_EMIT_LOC_STRINGS = YES;
				SWIFT_VERSION = 5.0;
				TARGETED_DEVICE_FAMILY = 1;
			};
			name = Release;
		};
		670A8103287BFE6600606DEA /* Debug */ = {
			isa = XCBuildConfiguration;
			buildSettings = {
				ALWAYS_EMBED_SWIFT_STANDARD_LIBRARIES = YES;
				BUNDLE_LOADER = "$(TEST_HOST)";
				CODE_SIGN_STYLE = Automatic;
				CURRENT_PROJECT_VERSION = 1;
				DEVELOPMENT_TEAM = W938BPN556;
				GENERATE_INFOPLIST_FILE = YES;
				IPHONEOS_DEPLOYMENT_TARGET = 15.5;
				MARKETING_VERSION = 1.0;
				PRODUCT_BUNDLE_IDENTIFIER = com.zeljkolucic.ExpenseTrackerTests;
				PRODUCT_NAME = "$(TARGET_NAME)";
				SWIFT_EMIT_LOC_STRINGS = NO;
				SWIFT_VERSION = 5.0;
				TARGETED_DEVICE_FAMILY = "1,2";
				TEST_HOST = "$(BUILT_PRODUCTS_DIR)/ExpenseTracker.app/ExpenseTracker";
			};
			name = Debug;
		};
		670A8104287BFE6600606DEA /* Release */ = {
			isa = XCBuildConfiguration;
			buildSettings = {
				ALWAYS_EMBED_SWIFT_STANDARD_LIBRARIES = YES;
				BUNDLE_LOADER = "$(TEST_HOST)";
				CODE_SIGN_STYLE = Automatic;
				CURRENT_PROJECT_VERSION = 1;
				DEVELOPMENT_TEAM = W938BPN556;
				GENERATE_INFOPLIST_FILE = YES;
				IPHONEOS_DEPLOYMENT_TARGET = 15.5;
				MARKETING_VERSION = 1.0;
				PRODUCT_BUNDLE_IDENTIFIER = com.zeljkolucic.ExpenseTrackerTests;
				PRODUCT_NAME = "$(TARGET_NAME)";
				SWIFT_EMIT_LOC_STRINGS = NO;
				SWIFT_VERSION = 5.0;
				TARGETED_DEVICE_FAMILY = "1,2";
				TEST_HOST = "$(BUILT_PRODUCTS_DIR)/ExpenseTracker.app/ExpenseTracker";
			};
			name = Release;
		};
		670A8106287BFE6600606DEA /* Debug */ = {
			isa = XCBuildConfiguration;
			buildSettings = {
				ALWAYS_EMBED_SWIFT_STANDARD_LIBRARIES = YES;
				CODE_SIGN_STYLE = Automatic;
				CURRENT_PROJECT_VERSION = 1;
				DEVELOPMENT_TEAM = W938BPN556;
				GENERATE_INFOPLIST_FILE = YES;
				MARKETING_VERSION = 1.0;
				PRODUCT_BUNDLE_IDENTIFIER = com.zeljkolucic.ExpenseTrackerUITests;
				PRODUCT_NAME = "$(TARGET_NAME)";
				SWIFT_EMIT_LOC_STRINGS = NO;
				SWIFT_VERSION = 5.0;
				TARGETED_DEVICE_FAMILY = "1,2";
				TEST_TARGET_NAME = ExpenseTracker;
			};
			name = Debug;
		};
		670A8107287BFE6600606DEA /* Release */ = {
			isa = XCBuildConfiguration;
			buildSettings = {
				ALWAYS_EMBED_SWIFT_STANDARD_LIBRARIES = YES;
				CODE_SIGN_STYLE = Automatic;
				CURRENT_PROJECT_VERSION = 1;
				DEVELOPMENT_TEAM = W938BPN556;
				GENERATE_INFOPLIST_FILE = YES;
				MARKETING_VERSION = 1.0;
				PRODUCT_BUNDLE_IDENTIFIER = com.zeljkolucic.ExpenseTrackerUITests;
				PRODUCT_NAME = "$(TARGET_NAME)";
				SWIFT_EMIT_LOC_STRINGS = NO;
				SWIFT_VERSION = 5.0;
				TARGETED_DEVICE_FAMILY = "1,2";
				TEST_TARGET_NAME = ExpenseTracker;
			};
			name = Release;
		};
/* End XCBuildConfiguration section */

/* Begin XCConfigurationList section */
		670A80D0287BFE6300606DEA /* Build configuration list for PBXProject "ExpenseTracker" */ = {
			isa = XCConfigurationList;
			buildConfigurations = (
				670A80FD287BFE6600606DEA /* Debug */,
				670A80FE287BFE6600606DEA /* Release */,
			);
			defaultConfigurationIsVisible = 0;
			defaultConfigurationName = Release;
		};
		670A80FF287BFE6600606DEA /* Build configuration list for PBXNativeTarget "ExpenseTracker" */ = {
			isa = XCConfigurationList;
			buildConfigurations = (
				670A8100287BFE6600606DEA /* Debug */,
				670A8101287BFE6600606DEA /* Release */,
			);
			defaultConfigurationIsVisible = 0;
			defaultConfigurationName = Release;
		};
		670A8102287BFE6600606DEA /* Build configuration list for PBXNativeTarget "ExpenseTrackerTests" */ = {
			isa = XCConfigurationList;
			buildConfigurations = (
				670A8103287BFE6600606DEA /* Debug */,
				670A8104287BFE6600606DEA /* Release */,
			);
			defaultConfigurationIsVisible = 0;
			defaultConfigurationName = Release;
		};
		670A8105287BFE6600606DEA /* Build configuration list for PBXNativeTarget "ExpenseTrackerUITests" */ = {
			isa = XCConfigurationList;
			buildConfigurations = (
				670A8106287BFE6600606DEA /* Debug */,
				670A8107287BFE6600606DEA /* Release */,
			);
			defaultConfigurationIsVisible = 0;
			defaultConfigurationName = Release;
		};
/* End XCConfigurationList section */
	};
	rootObject = 670A80CD287BFE6300606DEA /* Project object */;
}
