// !$*UTF8*$!
{
	archiveVersion = 1;
	classes = {
	};
	objectVersion = 55;
	objects = {

/* Begin PBXBuildFile section */
		670A80D9287BFE6400606DEA /* AppDelegate.swift in Sources */ = {isa = PBXBuildFile; fileRef = 670A80D8287BFE6400606DEA /* AppDelegate.swift */; };
		670A80DB287BFE6400606DEA /* SceneDelegate.swift in Sources */ = {isa = PBXBuildFile; fileRef = 670A80DA287BFE6400606DEA /* SceneDelegate.swift */; };
		670A80E2287BFE6600606DEA /* Assets.xcassets in Resources */ = {isa = PBXBuildFile; fileRef = 670A80E1287BFE6600606DEA /* Assets.xcassets */; };
		670A80E5287BFE6600606DEA /* LaunchScreen.storyboard in Resources */ = {isa = PBXBuildFile; fileRef = 670A80E3287BFE6600606DEA /* LaunchScreen.storyboard */; };
		670A80F0287BFE6600606DEA /* ExpenseTrackerTests.swift in Sources */ = {isa = PBXBuildFile; fileRef = 670A80EF287BFE6600606DEA /* ExpenseTrackerTests.swift */; };
		670A80FA287BFE6600606DEA /* ExpenseTrackerUITests.swift in Sources */ = {isa = PBXBuildFile; fileRef = 670A80F9287BFE6600606DEA /* ExpenseTrackerUITests.swift */; };
		670A80FC287BFE6600606DEA /* ExpenseTrackerUITestsLaunchTests.swift in Sources */ = {isa = PBXBuildFile; fileRef = 670A80FB287BFE6600606DEA /* ExpenseTrackerUITestsLaunchTests.swift */; };
		67201051288844E9003FF257 /* TransactionViewModel.swift in Sources */ = {isa = PBXBuildFile; fileRef = 67201050288844E9003FF257 /* TransactionViewModel.swift */; };
		6720105628895602003FF257 /* MethodOfPayment.swift in Sources */ = {isa = PBXBuildFile; fileRef = 6720105528895601003FF257 /* MethodOfPayment.swift */; };
		6720105828896619003FF257 /* Date+Extension.swift in Sources */ = {isa = PBXBuildFile; fileRef = 6720105728896619003FF257 /* Date+Extension.swift */; };
		67259A662889830900B39712 /* CategoriesViewController.swift in Sources */ = {isa = PBXBuildFile; fileRef = 67259A642889830900B39712 /* CategoriesViewController.swift */; };
		6729B037287C1B84003F3259 /* LoginViewController.swift in Sources */ = {isa = PBXBuildFile; fileRef = 6729B036287C1B84003F3259 /* LoginViewController.swift */; };
		6729B042287D3FEA003F3259 /* LoginAndRegisterFlow.storyboard in Resources */ = {isa = PBXBuildFile; fileRef = 6729B041287D3FEA003F3259 /* LoginAndRegisterFlow.storyboard */; };
		6729B047287D5E7A003F3259 /* FirstStepRegistrationViewController.swift in Sources */ = {isa = PBXBuildFile; fileRef = 6729B046287D5E7A003F3259 /* FirstStepRegistrationViewController.swift */; };
		6729B049287D6344003F3259 /* SecondStepRegistrationViewController.swift in Sources */ = {isa = PBXBuildFile; fileRef = 6729B048287D6344003F3259 /* SecondStepRegistrationViewController.swift */; };
		6729B04C287D63AB003F3259 /* GenderButton.swift in Sources */ = {isa = PBXBuildFile; fileRef = 6729B04B287D63AB003F3259 /* GenderButton.swift */; };
		6729B04F287D688D003F3259 /* RoundedTextField.swift in Sources */ = {isa = PBXBuildFile; fileRef = 6729B04E287D688D003F3259 /* RoundedTextField.swift */; };
		6739A9C828809CAF00B3807B /* MainFlow.storyboard in Resources */ = {isa = PBXBuildFile; fileRef = 6739A9C728809CAF00B3807B /* MainFlow.storyboard */; };
		6739A9CA28809D6500B3807B /* TransactionsViewController.swift in Sources */ = {isa = PBXBuildFile; fileRef = 6739A9C928809D6500B3807B /* TransactionsViewController.swift */; };
		6739A9CE28809E1400B3807B /* TransactionTableViewCell.swift in Sources */ = {isa = PBXBuildFile; fileRef = 6739A9CC28809E1400B3807B /* TransactionTableViewCell.swift */; };
		6739A9CF28809E1400B3807B /* TransactionTableViewCell.xib in Resources */ = {isa = PBXBuildFile; fileRef = 6739A9CD28809E1400B3807B /* TransactionTableViewCell.xib */; };
		673EA70D2886D108004A532F /* StatisticsTableViewCell.swift in Sources */ = {isa = PBXBuildFile; fileRef = 673EA70B2886D108004A532F /* StatisticsTableViewCell.swift */; };
		673EA70E2886D108004A532F /* StatisticsTableViewCell.xib in Resources */ = {isa = PBXBuildFile; fileRef = 673EA70C2886D108004A532F /* StatisticsTableViewCell.xib */; };
		6785D25B2880A7EE008881B4 /* UITableView+Extension.swift in Sources */ = {isa = PBXBuildFile; fileRef = 6785D25A2880A7EE008881B4 /* UITableView+Extension.swift */; };
		6785D25E28814EDF008881B4 /* MonthCollectionViewCell.swift in Sources */ = {isa = PBXBuildFile; fileRef = 6785D25C28814EDF008881B4 /* MonthCollectionViewCell.swift */; };
		6785D25F28814EDF008881B4 /* MonthCollectionViewCell.xib in Resources */ = {isa = PBXBuildFile; fileRef = 6785D25D28814EDF008881B4 /* MonthCollectionViewCell.xib */; };
		6785D2612881509D008881B4 /* UICollectionView+Extension.swift in Sources */ = {isa = PBXBuildFile; fileRef = 6785D2602881509D008881B4 /* UICollectionView+Extension.swift */; };
		6785D26328815AE9008881B4 /* SharedWithYouViewController.swift in Sources */ = {isa = PBXBuildFile; fileRef = 6785D26228815AE9008881B4 /* SharedWithYouViewController.swift */; };
		6785D26628815B8B008881B4 /* TransactionsListTableViewCell.swift in Sources */ = {isa = PBXBuildFile; fileRef = 6785D26428815B8B008881B4 /* TransactionsListTableViewCell.swift */; };
		6785D26728815B8B008881B4 /* TransactionsListTableViewCell.xib in Resources */ = {isa = PBXBuildFile; fileRef = 6785D26528815B8B008881B4 /* TransactionsListTableViewCell.xib */; };
		6785D26A288162D1008881B4 /* DetailTransactionViewController.swift in Sources */ = {isa = PBXBuildFile; fileRef = 6785D268288162D1008881B4 /* DetailTransactionViewController.swift */; };
		6785D26E2881976A008881B4 /* TransactionDetailTableViewCell.swift in Sources */ = {isa = PBXBuildFile; fileRef = 6785D26C2881976A008881B4 /* TransactionDetailTableViewCell.swift */; };
		6785D26F2881976A008881B4 /* TransactionDetailTableViewCell.xib in Resources */ = {isa = PBXBuildFile; fileRef = 6785D26D2881976A008881B4 /* TransactionDetailTableViewCell.xib */; };
		6785D27128819A33008881B4 /* UIStoryboard+Extension.swift in Sources */ = {isa = PBXBuildFile; fileRef = 6785D27028819A33008881B4 /* UIStoryboard+Extension.swift */; };
		6785D2732881A37E008881B4 /* StatisticsViewController.swift in Sources */ = {isa = PBXBuildFile; fileRef = 6785D2722881A37E008881B4 /* StatisticsViewController.swift */; };
		67C89548288A9BBD0022F905 /* GoogleService-Info.plist in Resources */ = {isa = PBXBuildFile; fileRef = 67C89547288A9BBD0022F905 /* GoogleService-Info.plist */; };
		67C89552288AA12D0022F905 /* FirestoreTransactionsRepository.swift in Sources */ = {isa = PBXBuildFile; fileRef = 67C89551288AA12D0022F905 /* FirestoreTransactionsRepository.swift */; };
		67C89554288AA3810022F905 /* FirestoreTransaction.swift in Sources */ = {isa = PBXBuildFile; fileRef = 67C89553288AA3810022F905 /* FirestoreTransaction.swift */; };
		67C89556288AA5F40022F905 /* TransactionsViewModel.swift in Sources */ = {isa = PBXBuildFile; fileRef = 67C89555288AA5F40022F905 /* TransactionsViewModel.swift */; };
		67CCFF8C288EAB860074223E /* FirebaseAuthenticationService.swift in Sources */ = {isa = PBXBuildFile; fileRef = 67CCFF8B288EAB860074223E /* FirebaseAuthenticationService.swift */; };
		67CCFF8E288EBA420074223E /* FirestoreUserRepository.swift in Sources */ = {isa = PBXBuildFile; fileRef = 67CCFF8D288EBA420074223E /* FirestoreUserRepository.swift */; };
		67CCFF90288F1DA10074223E /* StatisticsViewModel.swift in Sources */ = {isa = PBXBuildFile; fileRef = 67CCFF8F288F1DA10074223E /* StatisticsViewModel.swift */; };
		67CCFF92288F1E540074223E /* SharedWithYouViewModel.swift in Sources */ = {isa = PBXBuildFile; fileRef = 67CCFF91288F1E540074223E /* SharedWithYouViewModel.swift */; };
		67DF68B9287D740E00F205F7 /* DateTextField.swift in Sources */ = {isa = PBXBuildFile; fileRef = 67DF68B8287D740E00F205F7 /* DateTextField.swift */; };
		67DF68BF287D764700F205F7 /* SFSymbols.swift in Sources */ = {isa = PBXBuildFile; fileRef = 67DF68BE287D764700F205F7 /* SFSymbols.swift */; };
		67DF68C1287D809800F205F7 /* Strings.swift in Sources */ = {isa = PBXBuildFile; fileRef = 67DF68C0287D809800F205F7 /* Strings.swift */; };
		67DF68C5287D828800F205F7 /* Localizable.strings in Resources */ = {isa = PBXBuildFile; fileRef = 67DF68C7287D828800F205F7 /* Localizable.strings */; };
		67DF68CB287D85D200F205F7 /* String+Extension.swift in Sources */ = {isa = PBXBuildFile; fileRef = 67DF68CA287D85D200F205F7 /* String+Extension.swift */; };
		67DF68CD287D8DA600F205F7 /* RoundedButton.swift in Sources */ = {isa = PBXBuildFile; fileRef = 67DF68CC287D8DA600F205F7 /* RoundedButton.swift */; };
		67DF68D0287DA5AA00F205F7 /* RegistrationViewModel.swift in Sources */ = {isa = PBXBuildFile; fileRef = 67DF68CF287DA5AA00F205F7 /* RegistrationViewModel.swift */; };
		67DF68D2287DA5D400F205F7 /* Binding.swift in Sources */ = {isa = PBXBuildFile; fileRef = 67DF68D1287DA5D400F205F7 /* Binding.swift */; };
		67DF68D4287DA81D00F205F7 /* LoginViewModel.swift in Sources */ = {isa = PBXBuildFile; fileRef = 67DF68D3287DA81D00F205F7 /* LoginViewModel.swift */; };
		67DF68D7287DBABA00F205F7 /* UIViewController+Extension.swift in Sources */ = {isa = PBXBuildFile; fileRef = 67DF68D6287DBABA00F205F7 /* UIViewController+Extension.swift */; };
		67F7487B28883495001CB439 /* SharedTransactionsViewController.swift in Sources */ = {isa = PBXBuildFile; fileRef = 67F7487A28883495001CB439 /* SharedTransactionsViewController.swift */; };
		E42DA5FC28A533B1001264CC /* FirebaseAuth in Frameworks */ = {isa = PBXBuildFile; productRef = E42DA5FB28A533B1001264CC /* FirebaseAuth */; };
		E42DA5FE28A533B1001264CC /* FirebaseFirestore in Frameworks */ = {isa = PBXBuildFile; productRef = E42DA5FD28A533B1001264CC /* FirebaseFirestore */; };
		E42DA60028A533B1001264CC /* FirebaseFirestoreSwift in Frameworks */ = {isa = PBXBuildFile; productRef = E42DA5FF28A533B1001264CC /* FirebaseFirestoreSwift */; };
		E450711128A5369D0077EB88 /* Swinject in Frameworks */ = {isa = PBXBuildFile; productRef = E450711028A5369D0077EB88 /* Swinject */; };
		E450711428A536BB0077EB88 /* SwinjectStoryboard in Frameworks */ = {isa = PBXBuildFile; productRef = E450711328A536BB0077EB88 /* SwinjectStoryboard */; };
		E450711728A536D50077EB88 /* SwinjectStoryboard+Extension.swift in Sources */ = {isa = PBXBuildFile; fileRef = E450711628A536D50077EB88 /* SwinjectStoryboard+Extension.swift */; };
		E450711928A5373D0077EB88 /* UserAssembly.swift in Sources */ = {isa = PBXBuildFile; fileRef = E450711828A5373D0077EB88 /* UserAssembly.swift */; };
		E450711B28A537730077EB88 /* UserRepository.swift in Sources */ = {isa = PBXBuildFile; fileRef = E450711A28A537730077EB88 /* UserRepository.swift */; };
		E450711D28A537FB0077EB88 /* FirestoreUser.swift in Sources */ = {isa = PBXBuildFile; fileRef = E450711C28A537FB0077EB88 /* FirestoreUser.swift */; };
		E450711F28A539110077EB88 /* TransactionsRepository.swift in Sources */ = {isa = PBXBuildFile; fileRef = E450711E28A539110077EB88 /* TransactionsRepository.swift */; };
		E450712228A539E10077EB88 /* AuthenticationService.swift in Sources */ = {isa = PBXBuildFile; fileRef = E450712128A539E10077EB88 /* AuthenticationService.swift */; };
/* End PBXBuildFile section */

/* Begin PBXContainerItemProxy section */
		670A80EC287BFE6600606DEA /* PBXContainerItemProxy */ = {
			isa = PBXContainerItemProxy;
			containerPortal = 670A80CD287BFE6300606DEA /* Project object */;
			proxyType = 1;
			remoteGlobalIDString = 670A80D4287BFE6300606DEA;
			remoteInfo = ExpenseTracker;
		};
		670A80F6287BFE6600606DEA /* PBXContainerItemProxy */ = {
			isa = PBXContainerItemProxy;
			containerPortal = 670A80CD287BFE6300606DEA /* Project object */;
			proxyType = 1;
			remoteGlobalIDString = 670A80D4287BFE6300606DEA;
			remoteInfo = ExpenseTracker;
		};
/* End PBXContainerItemProxy section */

/* Begin PBXFileReference section */
		670A80D5287BFE6300606DEA /* ExpenseTracker.app */ = {isa = PBXFileReference; explicitFileType = wrapper.application; includeInIndex = 0; path = ExpenseTracker.app; sourceTree = BUILT_PRODUCTS_DIR; };
		670A80D8287BFE6400606DEA /* AppDelegate.swift */ = {isa = PBXFileReference; lastKnownFileType = sourcecode.swift; path = AppDelegate.swift; sourceTree = "<group>"; };
		670A80DA287BFE6400606DEA /* SceneDelegate.swift */ = {isa = PBXFileReference; lastKnownFileType = sourcecode.swift; path = SceneDelegate.swift; sourceTree = "<group>"; };
		670A80E1287BFE6600606DEA /* Assets.xcassets */ = {isa = PBXFileReference; lastKnownFileType = folder.assetcatalog; path = Assets.xcassets; sourceTree = "<group>"; };
		670A80E4287BFE6600606DEA /* Base */ = {isa = PBXFileReference; lastKnownFileType = file.storyboard; name = Base; path = Base.lproj/LaunchScreen.storyboard; sourceTree = "<group>"; };
		670A80E6287BFE6600606DEA /* Info.plist */ = {isa = PBXFileReference; lastKnownFileType = text.plist.xml; path = Info.plist; sourceTree = "<group>"; };
		670A80EB287BFE6600606DEA /* ExpenseTrackerTests.xctest */ = {isa = PBXFileReference; explicitFileType = wrapper.cfbundle; includeInIndex = 0; path = ExpenseTrackerTests.xctest; sourceTree = BUILT_PRODUCTS_DIR; };
		670A80EF287BFE6600606DEA /* ExpenseTrackerTests.swift */ = {isa = PBXFileReference; lastKnownFileType = sourcecode.swift; path = ExpenseTrackerTests.swift; sourceTree = "<group>"; };
		670A80F5287BFE6600606DEA /* ExpenseTrackerUITests.xctest */ = {isa = PBXFileReference; explicitFileType = wrapper.cfbundle; includeInIndex = 0; path = ExpenseTrackerUITests.xctest; sourceTree = BUILT_PRODUCTS_DIR; };
		670A80F9287BFE6600606DEA /* ExpenseTrackerUITests.swift */ = {isa = PBXFileReference; lastKnownFileType = sourcecode.swift; path = ExpenseTrackerUITests.swift; sourceTree = "<group>"; };
		670A80FB287BFE6600606DEA /* ExpenseTrackerUITestsLaunchTests.swift */ = {isa = PBXFileReference; lastKnownFileType = sourcecode.swift; path = ExpenseTrackerUITestsLaunchTests.swift; sourceTree = "<group>"; };
		67201050288844E9003FF257 /* TransactionViewModel.swift */ = {isa = PBXFileReference; lastKnownFileType = sourcecode.swift; path = TransactionViewModel.swift; sourceTree = "<group>"; };
		6720105528895601003FF257 /* MethodOfPayment.swift */ = {isa = PBXFileReference; lastKnownFileType = sourcecode.swift; path = MethodOfPayment.swift; sourceTree = "<group>"; };
		6720105728896619003FF257 /* Date+Extension.swift */ = {isa = PBXFileReference; lastKnownFileType = sourcecode.swift; path = "Date+Extension.swift"; sourceTree = "<group>"; };
		67259A642889830900B39712 /* CategoriesViewController.swift */ = {isa = PBXFileReference; lastKnownFileType = sourcecode.swift; path = CategoriesViewController.swift; sourceTree = "<group>"; };
		6729B036287C1B84003F3259 /* LoginViewController.swift */ = {isa = PBXFileReference; lastKnownFileType = sourcecode.swift; path = LoginViewController.swift; sourceTree = "<group>"; };
		6729B041287D3FEA003F3259 /* LoginAndRegisterFlow.storyboard */ = {isa = PBXFileReference; lastKnownFileType = file.storyboard; path = LoginAndRegisterFlow.storyboard; sourceTree = "<group>"; };
		6729B046287D5E7A003F3259 /* FirstStepRegistrationViewController.swift */ = {isa = PBXFileReference; lastKnownFileType = sourcecode.swift; path = FirstStepRegistrationViewController.swift; sourceTree = "<group>"; };
		6729B048287D6344003F3259 /* SecondStepRegistrationViewController.swift */ = {isa = PBXFileReference; lastKnownFileType = sourcecode.swift; path = SecondStepRegistrationViewController.swift; sourceTree = "<group>"; };
		6729B04B287D63AB003F3259 /* GenderButton.swift */ = {isa = PBXFileReference; lastKnownFileType = sourcecode.swift; path = GenderButton.swift; sourceTree = "<group>"; };
		6729B04E287D688D003F3259 /* RoundedTextField.swift */ = {isa = PBXFileReference; lastKnownFileType = sourcecode.swift; path = RoundedTextField.swift; sourceTree = "<group>"; };
		6739A9C728809CAF00B3807B /* MainFlow.storyboard */ = {isa = PBXFileReference; lastKnownFileType = file.storyboard; path = MainFlow.storyboard; sourceTree = "<group>"; };
		6739A9C928809D6500B3807B /* TransactionsViewController.swift */ = {isa = PBXFileReference; lastKnownFileType = sourcecode.swift; path = TransactionsViewController.swift; sourceTree = "<group>"; };
		6739A9CC28809E1400B3807B /* TransactionTableViewCell.swift */ = {isa = PBXFileReference; lastKnownFileType = sourcecode.swift; path = TransactionTableViewCell.swift; sourceTree = "<group>"; };
		6739A9CD28809E1400B3807B /* TransactionTableViewCell.xib */ = {isa = PBXFileReference; lastKnownFileType = file.xib; path = TransactionTableViewCell.xib; sourceTree = "<group>"; };
		673EA70B2886D108004A532F /* StatisticsTableViewCell.swift */ = {isa = PBXFileReference; lastKnownFileType = sourcecode.swift; path = StatisticsTableViewCell.swift; sourceTree = "<group>"; };
		673EA70C2886D108004A532F /* StatisticsTableViewCell.xib */ = {isa = PBXFileReference; lastKnownFileType = file.xib; path = StatisticsTableViewCell.xib; sourceTree = "<group>"; };
		6785D25A2880A7EE008881B4 /* UITableView+Extension.swift */ = {isa = PBXFileReference; lastKnownFileType = sourcecode.swift; path = "UITableView+Extension.swift"; sourceTree = "<group>"; };
		6785D25C28814EDF008881B4 /* MonthCollectionViewCell.swift */ = {isa = PBXFileReference; lastKnownFileType = sourcecode.swift; path = MonthCollectionViewCell.swift; sourceTree = "<group>"; };
		6785D25D28814EDF008881B4 /* MonthCollectionViewCell.xib */ = {isa = PBXFileReference; lastKnownFileType = file.xib; path = MonthCollectionViewCell.xib; sourceTree = "<group>"; };
		6785D2602881509D008881B4 /* UICollectionView+Extension.swift */ = {isa = PBXFileReference; lastKnownFileType = sourcecode.swift; path = "UICollectionView+Extension.swift"; sourceTree = "<group>"; };
		6785D26228815AE9008881B4 /* SharedWithYouViewController.swift */ = {isa = PBXFileReference; lastKnownFileType = sourcecode.swift; path = SharedWithYouViewController.swift; sourceTree = "<group>"; };
		6785D26428815B8B008881B4 /* TransactionsListTableViewCell.swift */ = {isa = PBXFileReference; lastKnownFileType = sourcecode.swift; path = TransactionsListTableViewCell.swift; sourceTree = "<group>"; };
		6785D26528815B8B008881B4 /* TransactionsListTableViewCell.xib */ = {isa = PBXFileReference; lastKnownFileType = file.xib; path = TransactionsListTableViewCell.xib; sourceTree = "<group>"; };
		6785D268288162D1008881B4 /* DetailTransactionViewController.swift */ = {isa = PBXFileReference; lastKnownFileType = sourcecode.swift; path = DetailTransactionViewController.swift; sourceTree = "<group>"; };
		6785D26C2881976A008881B4 /* TransactionDetailTableViewCell.swift */ = {isa = PBXFileReference; lastKnownFileType = sourcecode.swift; path = TransactionDetailTableViewCell.swift; sourceTree = "<group>"; };
		6785D26D2881976A008881B4 /* TransactionDetailTableViewCell.xib */ = {isa = PBXFileReference; lastKnownFileType = file.xib; path = TransactionDetailTableViewCell.xib; sourceTree = "<group>"; };
		6785D27028819A33008881B4 /* UIStoryboard+Extension.swift */ = {isa = PBXFileReference; lastKnownFileType = sourcecode.swift; path = "UIStoryboard+Extension.swift"; sourceTree = "<group>"; };
		6785D2722881A37E008881B4 /* StatisticsViewController.swift */ = {isa = PBXFileReference; lastKnownFileType = sourcecode.swift; path = StatisticsViewController.swift; sourceTree = "<group>"; };
		67C89547288A9BBD0022F905 /* GoogleService-Info.plist */ = {isa = PBXFileReference; fileEncoding = 4; lastKnownFileType = text.plist.xml; path = "GoogleService-Info.plist"; sourceTree = "<group>"; };
		67C89551288AA12D0022F905 /* FirestoreTransactionsRepository.swift */ = {isa = PBXFileReference; lastKnownFileType = sourcecode.swift; path = FirestoreTransactionsRepository.swift; sourceTree = "<group>"; };
		67C89553288AA3810022F905 /* FirestoreTransaction.swift */ = {isa = PBXFileReference; lastKnownFileType = sourcecode.swift; path = FirestoreTransaction.swift; sourceTree = "<group>"; };
		67C89555288AA5F40022F905 /* TransactionsViewModel.swift */ = {isa = PBXFileReference; lastKnownFileType = sourcecode.swift; path = TransactionsViewModel.swift; sourceTree = "<group>"; };
		67CCFF8B288EAB860074223E /* FirebaseAuthenticationService.swift */ = {isa = PBXFileReference; lastKnownFileType = sourcecode.swift; path = FirebaseAuthenticationService.swift; sourceTree = "<group>"; };
		67CCFF8D288EBA420074223E /* FirestoreUserRepository.swift */ = {isa = PBXFileReference; lastKnownFileType = sourcecode.swift; path = FirestoreUserRepository.swift; sourceTree = "<group>"; };
		67CCFF8F288F1DA10074223E /* StatisticsViewModel.swift */ = {isa = PBXFileReference; lastKnownFileType = sourcecode.swift; path = StatisticsViewModel.swift; sourceTree = "<group>"; };
		67CCFF91288F1E540074223E /* SharedWithYouViewModel.swift */ = {isa = PBXFileReference; lastKnownFileType = sourcecode.swift; path = SharedWithYouViewModel.swift; sourceTree = "<group>"; };
		67DF68B8287D740E00F205F7 /* DateTextField.swift */ = {isa = PBXFileReference; lastKnownFileType = sourcecode.swift; path = DateTextField.swift; sourceTree = "<group>"; };
		67DF68BE287D764700F205F7 /* SFSymbols.swift */ = {isa = PBXFileReference; lastKnownFileType = sourcecode.swift; path = SFSymbols.swift; sourceTree = "<group>"; };
		67DF68C0287D809800F205F7 /* Strings.swift */ = {isa = PBXFileReference; lastKnownFileType = sourcecode.swift; path = Strings.swift; sourceTree = "<group>"; };
		67DF68C6287D828800F205F7 /* en */ = {isa = PBXFileReference; lastKnownFileType = text.plist.strings; name = en; path = en.lproj/Localizable.strings; sourceTree = "<group>"; };
		67DF68C8287D82D900F205F7 /* hr */ = {isa = PBXFileReference; lastKnownFileType = text.plist.strings; name = hr; path = hr.lproj/LaunchScreen.strings; sourceTree = "<group>"; };
		67DF68C9287D82D900F205F7 /* hr */ = {isa = PBXFileReference; lastKnownFileType = text.plist.strings; name = hr; path = hr.lproj/Localizable.strings; sourceTree = "<group>"; };
		67DF68CA287D85D200F205F7 /* String+Extension.swift */ = {isa = PBXFileReference; lastKnownFileType = sourcecode.swift; path = "String+Extension.swift"; sourceTree = "<group>"; };
		67DF68CC287D8DA600F205F7 /* RoundedButton.swift */ = {isa = PBXFileReference; lastKnownFileType = sourcecode.swift; path = RoundedButton.swift; sourceTree = "<group>"; };
		67DF68CF287DA5AA00F205F7 /* RegistrationViewModel.swift */ = {isa = PBXFileReference; lastKnownFileType = sourcecode.swift; path = RegistrationViewModel.swift; sourceTree = "<group>"; };
		67DF68D1287DA5D400F205F7 /* Binding.swift */ = {isa = PBXFileReference; lastKnownFileType = sourcecode.swift; path = Binding.swift; sourceTree = "<group>"; };
		67DF68D3287DA81D00F205F7 /* LoginViewModel.swift */ = {isa = PBXFileReference; lastKnownFileType = sourcecode.swift; path = LoginViewModel.swift; sourceTree = "<group>"; };
		67DF68D6287DBABA00F205F7 /* UIViewController+Extension.swift */ = {isa = PBXFileReference; lastKnownFileType = sourcecode.swift; path = "UIViewController+Extension.swift"; sourceTree = "<group>"; };
		67F7487A28883495001CB439 /* SharedTransactionsViewController.swift */ = {isa = PBXFileReference; lastKnownFileType = sourcecode.swift; path = SharedTransactionsViewController.swift; sourceTree = "<group>"; };
		E450711628A536D50077EB88 /* SwinjectStoryboard+Extension.swift */ = {isa = PBXFileReference; lastKnownFileType = sourcecode.swift; path = "SwinjectStoryboard+Extension.swift"; sourceTree = "<group>"; };
		E450711828A5373D0077EB88 /* UserAssembly.swift */ = {isa = PBXFileReference; lastKnownFileType = sourcecode.swift; path = UserAssembly.swift; sourceTree = "<group>"; };
		E450711A28A537730077EB88 /* UserRepository.swift */ = {isa = PBXFileReference; lastKnownFileType = sourcecode.swift; path = UserRepository.swift; sourceTree = "<group>"; };
		E450711C28A537FB0077EB88 /* FirestoreUser.swift */ = {isa = PBXFileReference; lastKnownFileType = sourcecode.swift; path = FirestoreUser.swift; sourceTree = "<group>"; };
		E450711E28A539110077EB88 /* TransactionsRepository.swift */ = {isa = PBXFileReference; lastKnownFileType = sourcecode.swift; path = TransactionsRepository.swift; sourceTree = "<group>"; };
		E450712128A539E10077EB88 /* AuthenticationService.swift */ = {isa = PBXFileReference; lastKnownFileType = sourcecode.swift; path = AuthenticationService.swift; sourceTree = "<group>"; };
/* End PBXFileReference section */

/* Begin PBXFrameworksBuildPhase section */
		670A80D2287BFE6300606DEA /* Frameworks */ = {
			isa = PBXFrameworksBuildPhase;
			buildActionMask = 2147483647;
			files = (
				E42DA5FC28A533B1001264CC /* FirebaseAuth in Frameworks */,
				E42DA5FE28A533B1001264CC /* FirebaseFirestore in Frameworks */,
				E42DA60028A533B1001264CC /* FirebaseFirestoreSwift in Frameworks */,
				E450711128A5369D0077EB88 /* Swinject in Frameworks */,
				E450711428A536BB0077EB88 /* SwinjectStoryboard in Frameworks */,
			);
			runOnlyForDeploymentPostprocessing = 0;
		};
		670A80E8287BFE6600606DEA /* Frameworks */ = {
			isa = PBXFrameworksBuildPhase;
			buildActionMask = 2147483647;
			files = (
			);
			runOnlyForDeploymentPostprocessing = 0;
		};
		670A80F2287BFE6600606DEA /* Frameworks */ = {
			isa = PBXFrameworksBuildPhase;
			buildActionMask = 2147483647;
			files = (
			);
			runOnlyForDeploymentPostprocessing = 0;
		};
/* End PBXFrameworksBuildPhase section */

/* Begin PBXGroup section */
		670A80CC287BFE6300606DEA = {
			isa = PBXGroup;
			children = (
				670A80D7287BFE6300606DEA /* ExpenseTracker */,
				670A80EE287BFE6600606DEA /* ExpenseTrackerTests */,
				670A80F8287BFE6600606DEA /* ExpenseTrackerUITests */,
				670A80D6287BFE6300606DEA /* Products */,
			);
			sourceTree = "<group>";
		};
		670A80D6287BFE6300606DEA /* Products */ = {
			isa = PBXGroup;
			children = (
				670A80D5287BFE6300606DEA /* ExpenseTracker.app */,
				670A80EB287BFE6600606DEA /* ExpenseTrackerTests.xctest */,
				670A80F5287BFE6600606DEA /* ExpenseTrackerUITests.xctest */,
			);
			name = Products;
			sourceTree = "<group>";
		};
		670A80D7287BFE6300606DEA /* ExpenseTracker */ = {
			isa = PBXGroup;
			children = (
				E450711528A536C20077EB88 /* DI */,
				67DF68C2287D826800F205F7 /* Localization */,
				67DF68B5287D6E8900F205F7 /* Constants */,
				67C89559288AAEDE0022F905 /* Network */,
				67DF68CE287DA59C00F205F7 /* Presentation */,
				6729B035287C1B71003F3259 /* UI */,
				670A8108287BFF0100606DEA /* Supporting Files */,
			);
			path = ExpenseTracker;
			sourceTree = "<group>";
		};
		670A80EE287BFE6600606DEA /* ExpenseTrackerTests */ = {
			isa = PBXGroup;
			children = (
				670A80EF287BFE6600606DEA /* ExpenseTrackerTests.swift */,
			);
			path = ExpenseTrackerTests;
			sourceTree = "<group>";
		};
		670A80F8287BFE6600606DEA /* ExpenseTrackerUITests */ = {
			isa = PBXGroup;
			children = (
				670A80F9287BFE6600606DEA /* ExpenseTrackerUITests.swift */,
				670A80FB287BFE6600606DEA /* ExpenseTrackerUITestsLaunchTests.swift */,
			);
			path = ExpenseTrackerUITests;
			sourceTree = "<group>";
		};
		670A8108287BFF0100606DEA /* Supporting Files */ = {
			isa = PBXGroup;
			children = (
				67C89547288A9BBD0022F905 /* GoogleService-Info.plist */,
				670A80D8287BFE6400606DEA /* AppDelegate.swift */,
				670A80DA287BFE6400606DEA /* SceneDelegate.swift */,
				670A80E3287BFE6600606DEA /* LaunchScreen.storyboard */,
				670A80E1287BFE6600606DEA /* Assets.xcassets */,
				670A80E6287BFE6600606DEA /* Info.plist */,
			);
			path = "Supporting Files";
			sourceTree = "<group>";
		};
		67201054288955F6003FF257 /* Models */ = {
			isa = PBXGroup;
			children = (
				67C89553288AA3810022F905 /* FirestoreTransaction.swift */,
				E450711C28A537FB0077EB88 /* FirestoreUser.swift */,
			);
			path = Models;
			sourceTree = "<group>";
		};
		6729B035287C1B71003F3259 /* UI */ = {
			isa = PBXGroup;
			children = (
				67DF68D5287DBAAD00F205F7 /* Extensions */,
				6739A9CB28809DE500B3807B /* Cells */,
				6729B04D287D6875003F3259 /* Text Fields */,
				6729B04A287D6396003F3259 /* Buttons */,
				6729B040287D3FD2003F3259 /* Storyboards */,
				6729B038287C1BB0003F3259 /* Controllers */,
			);
			path = UI;
			sourceTree = "<group>";
		};
		6729B038287C1BB0003F3259 /* Controllers */ = {
			isa = PBXGroup;
			children = (
				6729B036287C1B84003F3259 /* LoginViewController.swift */,
				6729B046287D5E7A003F3259 /* FirstStepRegistrationViewController.swift */,
				6729B048287D6344003F3259 /* SecondStepRegistrationViewController.swift */,
				6739A9C928809D6500B3807B /* TransactionsViewController.swift */,
				6785D26228815AE9008881B4 /* SharedWithYouViewController.swift */,
				6785D268288162D1008881B4 /* DetailTransactionViewController.swift */,
				6785D2722881A37E008881B4 /* StatisticsViewController.swift */,
				67F7487A28883495001CB439 /* SharedTransactionsViewController.swift */,
				67259A642889830900B39712 /* CategoriesViewController.swift */,
			);
			path = Controllers;
			sourceTree = "<group>";
		};
		6729B040287D3FD2003F3259 /* Storyboards */ = {
			isa = PBXGroup;
			children = (
				6729B041287D3FEA003F3259 /* LoginAndRegisterFlow.storyboard */,
				6739A9C728809CAF00B3807B /* MainFlow.storyboard */,
			);
			path = Storyboards;
			sourceTree = "<group>";
		};
		6729B04A287D6396003F3259 /* Buttons */ = {
			isa = PBXGroup;
			children = (
				6729B04B287D63AB003F3259 /* GenderButton.swift */,
				67DF68CC287D8DA600F205F7 /* RoundedButton.swift */,
			);
			path = Buttons;
			sourceTree = "<group>";
		};
		6729B04D287D6875003F3259 /* Text Fields */ = {
			isa = PBXGroup;
			children = (
				6729B04E287D688D003F3259 /* RoundedTextField.swift */,
				67DF68B8287D740E00F205F7 /* DateTextField.swift */,
			);
			path = "Text Fields";
			sourceTree = "<group>";
		};
		6739A9CB28809DE500B3807B /* Cells */ = {
			isa = PBXGroup;
			children = (
				6739A9CC28809E1400B3807B /* TransactionTableViewCell.swift */,
				6739A9CD28809E1400B3807B /* TransactionTableViewCell.xib */,
				6785D25C28814EDF008881B4 /* MonthCollectionViewCell.swift */,
				6785D25D28814EDF008881B4 /* MonthCollectionViewCell.xib */,
				6785D26428815B8B008881B4 /* TransactionsListTableViewCell.swift */,
				6785D26528815B8B008881B4 /* TransactionsListTableViewCell.xib */,
				6785D26C2881976A008881B4 /* TransactionDetailTableViewCell.swift */,
				6785D26D2881976A008881B4 /* TransactionDetailTableViewCell.xib */,
				673EA70B2886D108004A532F /* StatisticsTableViewCell.swift */,
				673EA70C2886D108004A532F /* StatisticsTableViewCell.xib */,
			);
			path = Cells;
			sourceTree = "<group>";
		};
		67C89550288AA1100022F905 /* Repositories */ = {
			isa = PBXGroup;
			children = (
				E4C4987928CFBE4800EEFBC7 /* Transactions Repository */,
				E4C4987A28CFBE5A00EEFBC7 /* User Repository */,
			);
			path = Repositories;
			sourceTree = "<group>";
		};
		67C89557288AAEBF0022F905 /* Models */ = {
			isa = PBXGroup;
			children = (
				6720105528895601003FF257 /* MethodOfPayment.swift */,
			);
			path = Models;
			sourceTree = "<group>";
		};
		67C89558288AAEC50022F905 /* ViewModels */ = {
			isa = PBXGroup;
			children = (
				67DF68D1287DA5D400F205F7 /* Binding.swift */,
				67DF68CF287DA5AA00F205F7 /* RegistrationViewModel.swift */,
				67DF68D3287DA81D00F205F7 /* LoginViewModel.swift */,
				67201050288844E9003FF257 /* TransactionViewModel.swift */,
				67C89555288AA5F40022F905 /* TransactionsViewModel.swift */,
				67CCFF8F288F1DA10074223E /* StatisticsViewModel.swift */,
				67CCFF91288F1E540074223E /* SharedWithYouViewModel.swift */,
			);
			path = ViewModels;
			sourceTree = "<group>";
		};
		67C89559288AAEDE0022F905 /* Network */ = {
			isa = PBXGroup;
			children = (
				67CCFF8A288EAB750074223E /* Services */,
				67201054288955F6003FF257 /* Models */,
				67C89550288AA1100022F905 /* Repositories */,
			);
			path = Network;
			sourceTree = "<group>";
		};
		67CCFF8A288EAB750074223E /* Services */ = {
			isa = PBXGroup;
			children = (
				67CCFF8B288EAB860074223E /* FirebaseAuthenticationService.swift */,
				E450712128A539E10077EB88 /* AuthenticationService.swift */,
			);
			path = Services;
			sourceTree = "<group>";
		};
		67DF68B5287D6E8900F205F7 /* Constants */ = {
			isa = PBXGroup;
			children = (
				67DF68BE287D764700F205F7 /* SFSymbols.swift */,
				67DF68C0287D809800F205F7 /* Strings.swift */,
			);
			path = Constants;
			sourceTree = "<group>";
		};
		67DF68C2287D826800F205F7 /* Localization */ = {
			isa = PBXGroup;
			children = (
				67DF68C7287D828800F205F7 /* Localizable.strings */,
			);
			path = Localization;
			sourceTree = "<group>";
		};
		67DF68CE287DA59C00F205F7 /* Presentation */ = {
			isa = PBXGroup;
			children = (
				67C89558288AAEC50022F905 /* ViewModels */,
				67C89557288AAEBF0022F905 /* Models */,
			);
			path = Presentation;
			sourceTree = "<group>";
		};
		67DF68D5287DBAAD00F205F7 /* Extensions */ = {
			isa = PBXGroup;
			children = (
				67DF68CA287D85D200F205F7 /* String+Extension.swift */,
				67DF68D6287DBABA00F205F7 /* UIViewController+Extension.swift */,
				6785D25A2880A7EE008881B4 /* UITableView+Extension.swift */,
				6785D2602881509D008881B4 /* UICollectionView+Extension.swift */,
				6785D27028819A33008881B4 /* UIStoryboard+Extension.swift */,
				6720105728896619003FF257 /* Date+Extension.swift */,
			);
			path = Extensions;
			sourceTree = "<group>";
		};
		E450711528A536C20077EB88 /* DI */ = {
			isa = PBXGroup;
			children = (
				E450711628A536D50077EB88 /* SwinjectStoryboard+Extension.swift */,
				E450711828A5373D0077EB88 /* UserAssembly.swift */,
			);
			path = DI;
			sourceTree = "<group>";
		};
		E4C4987928CFBE4800EEFBC7 /* Transactions Repository */ = {
			isa = PBXGroup;
			children = (
				67C89551288AA12D0022F905 /* FirestoreTransactionsRepository.swift */,
				E450711E28A539110077EB88 /* TransactionsRepository.swift */,
			);
			path = "Transactions Repository";
			sourceTree = "<group>";
		};
		E4C4987A28CFBE5A00EEFBC7 /* User Repository */ = {
			isa = PBXGroup;
			children = (
				67CCFF8D288EBA420074223E /* FirestoreUserRepository.swift */,
				E450711A28A537730077EB88 /* UserRepository.swift */,
			);
			path = "User Repository";
			sourceTree = "<group>";
		};
/* End PBXGroup section */

/* Begin PBXNativeTarget section */
		670A80D4287BFE6300606DEA /* ExpenseTracker */ = {
			isa = PBXNativeTarget;
			buildConfigurationList = 670A80FF287BFE6600606DEA /* Build configuration list for PBXNativeTarget "ExpenseTracker" */;
			buildPhases = (
				670A80D1287BFE6300606DEA /* Sources */,
				670A80D2287BFE6300606DEA /* Frameworks */,
				670A80D3287BFE6300606DEA /* Resources */,
			);
			buildRules = (
			);
			dependencies = (
			);
			name = ExpenseTracker;
			packageProductDependencies = (
				E42DA5FB28A533B1001264CC /* FirebaseAuth */,
				E42DA5FD28A533B1001264CC /* FirebaseFirestore */,
				E42DA5FF28A533B1001264CC /* FirebaseFirestoreSwift */,
				E450711028A5369D0077EB88 /* Swinject */,
				E450711328A536BB0077EB88 /* SwinjectStoryboard */,
			);
			productName = ExpenseTracker;
			productReference = 670A80D5287BFE6300606DEA /* ExpenseTracker.app */;
			productType = "com.apple.product-type.application";
		};
		670A80EA287BFE6600606DEA /* ExpenseTrackerTests */ = {
			isa = PBXNativeTarget;
			buildConfigurationList = 670A8102287BFE6600606DEA /* Build configuration list for PBXNativeTarget "ExpenseTrackerTests" */;
			buildPhases = (
				670A80E7287BFE6600606DEA /* Sources */,
				670A80E8287BFE6600606DEA /* Frameworks */,
				670A80E9287BFE6600606DEA /* Resources */,
			);
			buildRules = (
			);
			dependencies = (
				670A80ED287BFE6600606DEA /* PBXTargetDependency */,
			);
			name = ExpenseTrackerTests;
			productName = ExpenseTrackerTests;
			productReference = 670A80EB287BFE6600606DEA /* ExpenseTrackerTests.xctest */;
			productType = "com.apple.product-type.bundle.unit-test";
		};
		670A80F4287BFE6600606DEA /* ExpenseTrackerUITests */ = {
			isa = PBXNativeTarget;
			buildConfigurationList = 670A8105287BFE6600606DEA /* Build configuration list for PBXNativeTarget "ExpenseTrackerUITests" */;
			buildPhases = (
				670A80F1287BFE6600606DEA /* Sources */,
				670A80F2287BFE6600606DEA /* Frameworks */,
				670A80F3287BFE6600606DEA /* Resources */,
			);
			buildRules = (
			);
			dependencies = (
				670A80F7287BFE6600606DEA /* PBXTargetDependency */,
			);
			name = ExpenseTrackerUITests;
			productName = ExpenseTrackerUITests;
			productReference = 670A80F5287BFE6600606DEA /* ExpenseTrackerUITests.xctest */;
			productType = "com.apple.product-type.bundle.ui-testing";
		};
/* End PBXNativeTarget section */

/* Begin PBXProject section */
		670A80CD287BFE6300606DEA /* Project object */ = {
			isa = PBXProject;
			attributes = {
				BuildIndependentTargetsInParallel = 1;
				LastSwiftUpdateCheck = 1340;
				LastUpgradeCheck = 1340;
				TargetAttributes = {
					670A80D4287BFE6300606DEA = {
						CreatedOnToolsVersion = 13.4;
					};
					670A80EA287BFE6600606DEA = {
						CreatedOnToolsVersion = 13.4;
						TestTargetID = 670A80D4287BFE6300606DEA;
					};
					670A80F4287BFE6600606DEA = {
						CreatedOnToolsVersion = 13.4;
						TestTargetID = 670A80D4287BFE6300606DEA;
					};
				};
			};
			buildConfigurationList = 670A80D0287BFE6300606DEA /* Build configuration list for PBXProject "ExpenseTracker" */;
			compatibilityVersion = "Xcode 13.0";
			developmentRegion = en;
			hasScannedForEncodings = 0;
			knownRegions = (
				en,
				Base,
				hr,
			);
			mainGroup = 670A80CC287BFE6300606DEA;
			packageReferences = (
				E42DA5FA28A533B1001264CC /* XCRemoteSwiftPackageReference "firebase-ios-sdk" */,
				E450710F28A5369D0077EB88 /* XCRemoteSwiftPackageReference "Swinject" */,
				E450711228A536BB0077EB88 /* XCRemoteSwiftPackageReference "SwinjectStoryboard" */,
			);
			productRefGroup = 670A80D6287BFE6300606DEA /* Products */;
			projectDirPath = "";
			projectRoot = "";
			targets = (
				670A80D4287BFE6300606DEA /* ExpenseTracker */,
				670A80EA287BFE6600606DEA /* ExpenseTrackerTests */,
				670A80F4287BFE6600606DEA /* ExpenseTrackerUITests */,
			);
		};
/* End PBXProject section */

/* Begin PBXResourcesBuildPhase section */
		670A80D3287BFE6300606DEA /* Resources */ = {
			isa = PBXResourcesBuildPhase;
			buildActionMask = 2147483647;
			files = (
				67C89548288A9BBD0022F905 /* GoogleService-Info.plist in Resources */,
				6739A9C828809CAF00B3807B /* MainFlow.storyboard in Resources */,
				6785D25F28814EDF008881B4 /* MonthCollectionViewCell.xib in Resources */,
				6785D26F2881976A008881B4 /* TransactionDetailTableViewCell.xib in Resources */,
				670A80E5287BFE6600606DEA /* LaunchScreen.storyboard in Resources */,
				673EA70E2886D108004A532F /* StatisticsTableViewCell.xib in Resources */,
				67DF68C5287D828800F205F7 /* Localizable.strings in Resources */,
				6729B042287D3FEA003F3259 /* LoginAndRegisterFlow.storyboard in Resources */,
				6739A9CF28809E1400B3807B /* TransactionTableViewCell.xib in Resources */,
				6785D26728815B8B008881B4 /* TransactionsListTableViewCell.xib in Resources */,
				670A80E2287BFE6600606DEA /* Assets.xcassets in Resources */,
			);
			runOnlyForDeploymentPostprocessing = 0;
		};
		670A80E9287BFE6600606DEA /* Resources */ = {
			isa = PBXResourcesBuildPhase;
			buildActionMask = 2147483647;
			files = (
			);
			runOnlyForDeploymentPostprocessing = 0;
		};
		670A80F3287BFE6600606DEA /* Resources */ = {
			isa = PBXResourcesBuildPhase;
			buildActionMask = 2147483647;
			files = (
			);
			runOnlyForDeploymentPostprocessing = 0;
		};
/* End PBXResourcesBuildPhase section */

/* Begin PBXSourcesBuildPhase section */
		670A80D1287BFE6300606DEA /* Sources */ = {
			isa = PBXSourcesBuildPhase;
			buildActionMask = 2147483647;
			files = (
				6785D26A288162D1008881B4 /* DetailTransactionViewController.swift in Sources */,
				E450711D28A537FB0077EB88 /* FirestoreUser.swift in Sources */,
				67DF68D7287DBABA00F205F7 /* UIViewController+Extension.swift in Sources */,
				6785D25E28814EDF008881B4 /* MonthCollectionViewCell.swift in Sources */,
				67CCFF90288F1DA10074223E /* StatisticsViewModel.swift in Sources */,
				6729B037287C1B84003F3259 /* LoginViewController.swift in Sources */,
				6785D25B2880A7EE008881B4 /* UITableView+Extension.swift in Sources */,
				67DF68CB287D85D200F205F7 /* String+Extension.swift in Sources */,
				673EA70D2886D108004A532F /* StatisticsTableViewCell.swift in Sources */,
				6785D26328815AE9008881B4 /* SharedWithYouViewController.swift in Sources */,
				E450712228A539E10077EB88 /* AuthenticationService.swift in Sources */,
				E450711728A536D50077EB88 /* SwinjectStoryboard+Extension.swift in Sources */,
				67DF68BF287D764700F205F7 /* SFSymbols.swift in Sources */,
				67CCFF8E288EBA420074223E /* FirestoreUserRepository.swift in Sources */,
				67DF68D2287DA5D400F205F7 /* Binding.swift in Sources */,
				67CCFF92288F1E540074223E /* SharedWithYouViewModel.swift in Sources */,
				6720105628895602003FF257 /* MethodOfPayment.swift in Sources */,
				67DF68C1287D809800F205F7 /* Strings.swift in Sources */,
				67201051288844E9003FF257 /* TransactionViewModel.swift in Sources */,
				6729B047287D5E7A003F3259 /* FirstStepRegistrationViewController.swift in Sources */,
				67CCFF8C288EAB860074223E /* FirebaseAuthenticationService.swift in Sources */,
				6729B04F287D688D003F3259 /* RoundedTextField.swift in Sources */,
				6785D26E2881976A008881B4 /* TransactionDetailTableViewCell.swift in Sources */,
				E450711B28A537730077EB88 /* UserRepository.swift in Sources */,
				6729B049287D6344003F3259 /* SecondStepRegistrationViewController.swift in Sources */,
				6739A9CA28809D6500B3807B /* TransactionsViewController.swift in Sources */,
				67DF68D4287DA81D00F205F7 /* LoginViewModel.swift in Sources */,
				67DF68CD287D8DA600F205F7 /* RoundedButton.swift in Sources */,
				67DF68D0287DA5AA00F205F7 /* RegistrationViewModel.swift in Sources */,
				67259A662889830900B39712 /* CategoriesViewController.swift in Sources */,
				6785D27128819A33008881B4 /* UIStoryboard+Extension.swift in Sources */,
				6720105828896619003FF257 /* Date+Extension.swift in Sources */,
				6785D2612881509D008881B4 /* UICollectionView+Extension.swift in Sources */,
				67C89554288AA3810022F905 /* FirestoreTransaction.swift in Sources */,
				6729B04C287D63AB003F3259 /* GenderButton.swift in Sources */,
				6785D2732881A37E008881B4 /* StatisticsViewController.swift in Sources */,
				67C89556288AA5F40022F905 /* TransactionsViewModel.swift in Sources */,
				67F7487B28883495001CB439 /* SharedTransactionsViewController.swift in Sources */,
				670A80D9287BFE6400606DEA /* AppDelegate.swift in Sources */,
				E450711928A5373D0077EB88 /* UserAssembly.swift in Sources */,
				E450711F28A539110077EB88 /* TransactionsRepository.swift in Sources */,
				670A80DB287BFE6400606DEA /* SceneDelegate.swift in Sources */,
				6739A9CE28809E1400B3807B /* TransactionTableViewCell.swift in Sources */,
				67DF68B9287D740E00F205F7 /* DateTextField.swift in Sources */,
				67C89552288AA12D0022F905 /* FirestoreTransactionsRepository.swift in Sources */,
				6785D26628815B8B008881B4 /* TransactionsListTableViewCell.swift in Sources */,
			);
			runOnlyForDeploymentPostprocessing = 0;
		};
		670A80E7287BFE6600606DEA /* Sources */ = {
			isa = PBXSourcesBuildPhase;
			buildActionMask = 2147483647;
			files = (
				670A80F0287BFE6600606DEA /* ExpenseTrackerTests.swift in Sources */,
			);
			runOnlyForDeploymentPostprocessing = 0;
		};
		670A80F1287BFE6600606DEA /* Sources */ = {
			isa = PBXSourcesBuildPhase;
			buildActionMask = 2147483647;
			files = (
				670A80FC287BFE6600606DEA /* ExpenseTrackerUITestsLaunchTests.swift in Sources */,
				670A80FA287BFE6600606DEA /* ExpenseTrackerUITests.swift in Sources */,
			);
			runOnlyForDeploymentPostprocessing = 0;
		};
/* End PBXSourcesBuildPhase section */

/* Begin PBXTargetDependency section */
		670A80ED287BFE6600606DEA /* PBXTargetDependency */ = {
			isa = PBXTargetDependency;
			target = 670A80D4287BFE6300606DEA /* ExpenseTracker */;
			targetProxy = 670A80EC287BFE6600606DEA /* PBXContainerItemProxy */;
		};
		670A80F7287BFE6600606DEA /* PBXTargetDependency */ = {
			isa = PBXTargetDependency;
			target = 670A80D4287BFE6300606DEA /* ExpenseTracker */;
			targetProxy = 670A80F6287BFE6600606DEA /* PBXContainerItemProxy */;
		};
/* End PBXTargetDependency section */

/* Begin PBXVariantGroup section */
		670A80E3287BFE6600606DEA /* LaunchScreen.storyboard */ = {
			isa = PBXVariantGroup;
			children = (
				670A80E4287BFE6600606DEA /* Base */,
				67DF68C8287D82D900F205F7 /* hr */,
			);
			name = LaunchScreen.storyboard;
			sourceTree = "<group>";
		};
		67DF68C7287D828800F205F7 /* Localizable.strings */ = {
			isa = PBXVariantGroup;
			children = (
				67DF68C6287D828800F205F7 /* en */,
				67DF68C9287D82D900F205F7 /* hr */,
			);
			name = Localizable.strings;
			sourceTree = "<group>";
		};
/* End PBXVariantGroup section */

/* Begin XCBuildConfiguration section */
		670A80FD287BFE6600606DEA /* Debug */ = {
			isa = XCBuildConfiguration;
			buildSettings = {
				ALWAYS_SEARCH_USER_PATHS = NO;
				CLANG_ANALYZER_LOCALIZABILITY_NONLOCALIZED = YES;
				CLANG_ANALYZER_NONNULL = YES;
				CLANG_ANALYZER_NUMBER_OBJECT_CONVERSION = YES_AGGRESSIVE;
				CLANG_CXX_LANGUAGE_STANDARD = "gnu++17";
				CLANG_ENABLE_MODULES = YES;
				CLANG_ENABLE_OBJC_ARC = YES;
				CLANG_ENABLE_OBJC_WEAK = YES;
				CLANG_WARN_BLOCK_CAPTURE_AUTORELEASING = YES;
				CLANG_WARN_BOOL_CONVERSION = YES;
				CLANG_WARN_COMMA = YES;
				CLANG_WARN_CONSTANT_CONVERSION = YES;
				CLANG_WARN_DEPRECATED_OBJC_IMPLEMENTATIONS = YES;
				CLANG_WARN_DIRECT_OBJC_ISA_USAGE = YES_ERROR;
				CLANG_WARN_DOCUMENTATION_COMMENTS = YES;
				CLANG_WARN_EMPTY_BODY = YES;
				CLANG_WARN_ENUM_CONVERSION = YES;
				CLANG_WARN_INFINITE_RECURSION = YES;
				CLANG_WARN_INT_CONVERSION = YES;
				CLANG_WARN_NON_LITERAL_NULL_CONVERSION = YES;
				CLANG_WARN_OBJC_IMPLICIT_RETAIN_SELF = YES;
				CLANG_WARN_OBJC_LITERAL_CONVERSION = YES;
				CLANG_WARN_OBJC_ROOT_CLASS = YES_ERROR;
				CLANG_WARN_QUOTED_INCLUDE_IN_FRAMEWORK_HEADER = YES;
				CLANG_WARN_RANGE_LOOP_ANALYSIS = YES;
				CLANG_WARN_STRICT_PROTOTYPES = YES;
				CLANG_WARN_SUSPICIOUS_MOVE = YES;
				CLANG_WARN_UNGUARDED_AVAILABILITY = YES_AGGRESSIVE;
				CLANG_WARN_UNREACHABLE_CODE = YES;
				CLANG_WARN__DUPLICATE_METHOD_MATCH = YES;
				COPY_PHASE_STRIP = NO;
				DEBUG_INFORMATION_FORMAT = dwarf;
				ENABLE_STRICT_OBJC_MSGSEND = YES;
				ENABLE_TESTABILITY = YES;
				GCC_C_LANGUAGE_STANDARD = gnu11;
				GCC_DYNAMIC_NO_PIC = NO;
				GCC_NO_COMMON_BLOCKS = YES;
				GCC_OPTIMIZATION_LEVEL = 0;
				GCC_PREPROCESSOR_DEFINITIONS = (
					"DEBUG=1",
					"$(inherited)",
				);
				GCC_WARN_64_TO_32_BIT_CONVERSION = YES;
				GCC_WARN_ABOUT_RETURN_TYPE = YES_ERROR;
				GCC_WARN_UNDECLARED_SELECTOR = YES;
				GCC_WARN_UNINITIALIZED_AUTOS = YES_AGGRESSIVE;
				GCC_WARN_UNUSED_FUNCTION = YES;
				GCC_WARN_UNUSED_VARIABLE = YES;
				IPHONEOS_DEPLOYMENT_TARGET = 15.5;
				MTL_ENABLE_DEBUG_INFO = INCLUDE_SOURCE;
				MTL_FAST_MATH = YES;
				ONLY_ACTIVE_ARCH = YES;
				SDKROOT = iphoneos;
				SWIFT_ACTIVE_COMPILATION_CONDITIONS = DEBUG;
				SWIFT_OPTIMIZATION_LEVEL = "-Onone";
			};
			name = Debug;
		};
		670A80FE287BFE6600606DEA /* Release */ = {
			isa = XCBuildConfiguration;
			buildSettings = {
				ALWAYS_SEARCH_USER_PATHS = NO;
				CLANG_ANALYZER_LOCALIZABILITY_NONLOCALIZED = YES;
				CLANG_ANALYZER_NONNULL = YES;
				CLANG_ANALYZER_NUMBER_OBJECT_CONVERSION = YES_AGGRESSIVE;
				CLANG_CXX_LANGUAGE_STANDARD = "gnu++17";
				CLANG_ENABLE_MODULES = YES;
				CLANG_ENABLE_OBJC_ARC = YES;
				CLANG_ENABLE_OBJC_WEAK = YES;
				CLANG_WARN_BLOCK_CAPTURE_AUTORELEASING = YES;
				CLANG_WARN_BOOL_CONVERSION = YES;
				CLANG_WARN_COMMA = YES;
				CLANG_WARN_CONSTANT_CONVERSION = YES;
				CLANG_WARN_DEPRECATED_OBJC_IMPLEMENTATIONS = YES;
				CLANG_WARN_DIRECT_OBJC_ISA_USAGE = YES_ERROR;
				CLANG_WARN_DOCUMENTATION_COMMENTS = YES;
				CLANG_WARN_EMPTY_BODY = YES;
				CLANG_WARN_ENUM_CONVERSION = YES;
				CLANG_WARN_INFINITE_RECURSION = YES;
				CLANG_WARN_INT_CONVERSION = YES;
				CLANG_WARN_NON_LITERAL_NULL_CONVERSION = YES;
				CLANG_WARN_OBJC_IMPLICIT_RETAIN_SELF = YES;
				CLANG_WARN_OBJC_LITERAL_CONVERSION = YES;
				CLANG_WARN_OBJC_ROOT_CLASS = YES_ERROR;
				CLANG_WARN_QUOTED_INCLUDE_IN_FRAMEWORK_HEADER = YES;
				CLANG_WARN_RANGE_LOOP_ANALYSIS = YES;
				CLANG_WARN_STRICT_PROTOTYPES = YES;
				CLANG_WARN_SUSPICIOUS_MOVE = YES;
				CLANG_WARN_UNGUARDED_AVAILABILITY = YES_AGGRESSIVE;
				CLANG_WARN_UNREACHABLE_CODE = YES;
				CLANG_WARN__DUPLICATE_METHOD_MATCH = YES;
				COPY_PHASE_STRIP = NO;
				DEBUG_INFORMATION_FORMAT = "dwarf-with-dsym";
				ENABLE_NS_ASSERTIONS = NO;
				ENABLE_STRICT_OBJC_MSGSEND = YES;
				GCC_C_LANGUAGE_STANDARD = gnu11;
				GCC_NO_COMMON_BLOCKS = YES;
				GCC_WARN_64_TO_32_BIT_CONVERSION = YES;
				GCC_WARN_ABOUT_RETURN_TYPE = YES_ERROR;
				GCC_WARN_UNDECLARED_SELECTOR = YES;
				GCC_WARN_UNINITIALIZED_AUTOS = YES_AGGRESSIVE;
				GCC_WARN_UNUSED_FUNCTION = YES;
				GCC_WARN_UNUSED_VARIABLE = YES;
				IPHONEOS_DEPLOYMENT_TARGET = 15.5;
				MTL_ENABLE_DEBUG_INFO = NO;
				MTL_FAST_MATH = YES;
				SDKROOT = iphoneos;
				SWIFT_COMPILATION_MODE = wholemodule;
				SWIFT_OPTIMIZATION_LEVEL = "-O";
				VALIDATE_PRODUCT = YES;
			};
			name = Release;
		};
		670A8100287BFE6600606DEA /* Debug */ = {
			isa = XCBuildConfiguration;
			buildSettings = {
				ASSETCATALOG_COMPILER_APPICON_NAME = AppIcon;
				ASSETCATALOG_COMPILER_GLOBAL_ACCENT_COLOR_NAME = AccentColor;
				CODE_SIGN_STYLE = Automatic;
				CURRENT_PROJECT_VERSION = 1;
				DEVELOPMENT_TEAM = WHP9Z6BC8S;
				GENERATE_INFOPLIST_FILE = YES;
				INFOPLIST_FILE = "ExpenseTracker/Supporting Files/Info.plist";
				INFOPLIST_KEY_CFBundleDisplayName = ExpenseTracker;
				INFOPLIST_KEY_NSMainNibFile = LoginAndRegisterFlow;
				INFOPLIST_KEY_UIApplicationSupportsIndirectInputEvents = YES;
				INFOPLIST_KEY_UILaunchStoryboardName = LaunchScreen;
				INFOPLIST_KEY_UISupportedInterfaceOrientations = UIInterfaceOrientationPortrait;
				INFOPLIST_KEY_UISupportedInterfaceOrientations_iPad = "UIInterfaceOrientationPortrait UIInterfaceOrientationPortraitUpsideDown UIInterfaceOrientationLandscapeLeft UIInterfaceOrientationLandscapeRight";
				INFOPLIST_KEY_UISupportedInterfaceOrientations_iPhone = "UIInterfaceOrientationPortrait UIInterfaceOrientationLandscapeLeft UIInterfaceOrientationLandscapeRight";
				IPHONEOS_DEPLOYMENT_TARGET = 15.2;
				LD_RUNPATH_SEARCH_PATHS = (
					"$(inherited)",
					"@executable_path/Frameworks",
				);
				MARKETING_VERSION = 1.0;
				PRODUCT_BUNDLE_IDENTIFIER = com.zeljkolucic.ExpenseTracker;
				PRODUCT_NAME = "$(TARGET_NAME)";
				SWIFT_EMIT_LOC_STRINGS = YES;
				SWIFT_VERSION = 5.0;
				TARGETED_DEVICE_FAMILY = 1;
			};
			name = Debug;
		};
		670A8101287BFE6600606DEA /* Release */ = {
			isa = XCBuildConfiguration;
			buildSettings = {
				ASSETCATALOG_COMPILER_APPICON_NAME = AppIcon;
				ASSETCATALOG_COMPILER_GLOBAL_ACCENT_COLOR_NAME = AccentColor;
				CODE_SIGN_STYLE = Automatic;
				CURRENT_PROJECT_VERSION = 1;
				DEVELOPMENT_TEAM = WHP9Z6BC8S;
				GENERATE_INFOPLIST_FILE = YES;
				INFOPLIST_FILE = "ExpenseTracker/Supporting Files/Info.plist";
				INFOPLIST_KEY_CFBundleDisplayName = ExpenseTracker;
				INFOPLIST_KEY_NSMainNibFile = LoginAndRegisterFlow;
				INFOPLIST_KEY_UIApplicationSupportsIndirectInputEvents = YES;
				INFOPLIST_KEY_UILaunchStoryboardName = LaunchScreen;
				INFOPLIST_KEY_UISupportedInterfaceOrientations = UIInterfaceOrientationPortrait;
				INFOPLIST_KEY_UISupportedInterfaceOrientations_iPad = "UIInterfaceOrientationPortrait UIInterfaceOrientationPortraitUpsideDown UIInterfaceOrientationLandscapeLeft UIInterfaceOrientationLandscapeRight";
				INFOPLIST_KEY_UISupportedInterfaceOrientations_iPhone = "UIInterfaceOrientationPortrait UIInterfaceOrientationLandscapeLeft UIInterfaceOrientationLandscapeRight";
				IPHONEOS_DEPLOYMENT_TARGET = 15.2;
				LD_RUNPATH_SEARCH_PATHS = (
					"$(inherited)",
					"@executable_path/Frameworks",
				);
				MARKETING_VERSION = 1.0;
				PRODUCT_BUNDLE_IDENTIFIER = com.zeljkolucic.ExpenseTracker;
				PRODUCT_NAME = "$(TARGET_NAME)";
				SWIFT_EMIT_LOC_STRINGS = YES;
				SWIFT_VERSION = 5.0;
				TARGETED_DEVICE_FAMILY = 1;
			};
			name = Release;
		};
		670A8103287BFE6600606DEA /* Debug */ = {
			isa = XCBuildConfiguration;
			buildSettings = {
				ALWAYS_EMBED_SWIFT_STANDARD_LIBRARIES = YES;
				BUNDLE_LOADER = "$(TEST_HOST)";
				CODE_SIGN_STYLE = Automatic;
				CURRENT_PROJECT_VERSION = 1;
				DEVELOPMENT_TEAM = W938BPN556;
				GENERATE_INFOPLIST_FILE = YES;
				IPHONEOS_DEPLOYMENT_TARGET = 15.5;
				MARKETING_VERSION = 1.0;
				PRODUCT_BUNDLE_IDENTIFIER = com.zeljkolucic.ExpenseTrackerTests;
				PRODUCT_NAME = "$(TARGET_NAME)";
				SWIFT_EMIT_LOC_STRINGS = NO;
				SWIFT_VERSION = 5.0;
				TARGETED_DEVICE_FAMILY = "1,2";
				TEST_HOST = "$(BUILT_PRODUCTS_DIR)/ExpenseTracker.app/ExpenseTracker";
			};
			name = Debug;
		};
		670A8104287BFE6600606DEA /* Release */ = {
			isa = XCBuildConfiguration;
			buildSettings = {
				ALWAYS_EMBED_SWIFT_STANDARD_LIBRARIES = YES;
				BUNDLE_LOADER = "$(TEST_HOST)";
				CODE_SIGN_STYLE = Automatic;
				CURRENT_PROJECT_VERSION = 1;
				DEVELOPMENT_TEAM = W938BPN556;
				GENERATE_INFOPLIST_FILE = YES;
				IPHONEOS_DEPLOYMENT_TARGET = 15.5;
				MARKETING_VERSION = 1.0;
				PRODUCT_BUNDLE_IDENTIFIER = com.zeljkolucic.ExpenseTrackerTests;
				PRODUCT_NAME = "$(TARGET_NAME)";
				SWIFT_EMIT_LOC_STRINGS = NO;
				SWIFT_VERSION = 5.0;
				TARGETED_DEVICE_FAMILY = "1,2";
				TEST_HOST = "$(BUILT_PRODUCTS_DIR)/ExpenseTracker.app/ExpenseTracker";
			};
			name = Release;
		};
		670A8106287BFE6600606DEA /* Debug */ = {
			isa = XCBuildConfiguration;
			buildSettings = {
				ALWAYS_EMBED_SWIFT_STANDARD_LIBRARIES = YES;
				CODE_SIGN_STYLE = Automatic;
				CURRENT_PROJECT_VERSION = 1;
				DEVELOPMENT_TEAM = W938BPN556;
				GENERATE_INFOPLIST_FILE = YES;
				MARKETING_VERSION = 1.0;
				PRODUCT_BUNDLE_IDENTIFIER = com.zeljkolucic.ExpenseTrackerUITests;
				PRODUCT_NAME = "$(TARGET_NAME)";
				SWIFT_EMIT_LOC_STRINGS = NO;
				SWIFT_VERSION = 5.0;
				TARGETED_DEVICE_FAMILY = "1,2";
				TEST_TARGET_NAME = ExpenseTracker;
			};
			name = Debug;
		};
		670A8107287BFE6600606DEA /* Release */ = {
			isa = XCBuildConfiguration;
			buildSettings = {
				ALWAYS_EMBED_SWIFT_STANDARD_LIBRARIES = YES;
				CODE_SIGN_STYLE = Automatic;
				CURRENT_PROJECT_VERSION = 1;
				DEVELOPMENT_TEAM = W938BPN556;
				GENERATE_INFOPLIST_FILE = YES;
				MARKETING_VERSION = 1.0;
				PRODUCT_BUNDLE_IDENTIFIER = com.zeljkolucic.ExpenseTrackerUITests;
				PRODUCT_NAME = "$(TARGET_NAME)";
				SWIFT_EMIT_LOC_STRINGS = NO;
				SWIFT_VERSION = 5.0;
				TARGETED_DEVICE_FAMILY = "1,2";
				TEST_TARGET_NAME = ExpenseTracker;
			};
			name = Release;
		};
/* End XCBuildConfiguration section */

/* Begin XCConfigurationList section */
		670A80D0287BFE6300606DEA /* Build configuration list for PBXProject "ExpenseTracker" */ = {
			isa = XCConfigurationList;
			buildConfigurations = (
				670A80FD287BFE6600606DEA /* Debug */,
				670A80FE287BFE6600606DEA /* Release */,
			);
			defaultConfigurationIsVisible = 0;
			defaultConfigurationName = Release;
		};
		670A80FF287BFE6600606DEA /* Build configuration list for PBXNativeTarget "ExpenseTracker" */ = {
			isa = XCConfigurationList;
			buildConfigurations = (
				670A8100287BFE6600606DEA /* Debug */,
				670A8101287BFE6600606DEA /* Release */,
			);
			defaultConfigurationIsVisible = 0;
			defaultConfigurationName = Release;
		};
		670A8102287BFE6600606DEA /* Build configuration list for PBXNativeTarget "ExpenseTrackerTests" */ = {
			isa = XCConfigurationList;
			buildConfigurations = (
				670A8103287BFE6600606DEA /* Debug */,
				670A8104287BFE6600606DEA /* Release */,
			);
			defaultConfigurationIsVisible = 0;
			defaultConfigurationName = Release;
		};
		670A8105287BFE6600606DEA /* Build configuration list for PBXNativeTarget "ExpenseTrackerUITests" */ = {
			isa = XCConfigurationList;
			buildConfigurations = (
				670A8106287BFE6600606DEA /* Debug */,
				670A8107287BFE6600606DEA /* Release */,
			);
			defaultConfigurationIsVisible = 0;
			defaultConfigurationName = Release;
		};
/* End XCConfigurationList section */

/* Begin XCRemoteSwiftPackageReference section */
		E42DA5FA28A533B1001264CC /* XCRemoteSwiftPackageReference "firebase-ios-sdk" */ = {
			isa = XCRemoteSwiftPackageReference;
			repositoryURL = "https://github.com/firebase/firebase-ios-sdk.git";
			requirement = {
				kind = upToNextMajorVersion;
				minimumVersion = 9.0.0;
			};
		};
		E450710F28A5369D0077EB88 /* XCRemoteSwiftPackageReference "Swinject" */ = {
			isa = XCRemoteSwiftPackageReference;
			repositoryURL = "https://github.com/Swinject/Swinject";
			requirement = {
				kind = upToNextMajorVersion;
				minimumVersion = 2.0.0;
			};
		};
		E450711228A536BB0077EB88 /* XCRemoteSwiftPackageReference "SwinjectStoryboard" */ = {
			isa = XCRemoteSwiftPackageReference;
			repositoryURL = "https://github.com/Swinject/SwinjectStoryboard";
			requirement = {
				kind = upToNextMajorVersion;
				minimumVersion = 2.0.0;
			};
		};
/* End XCRemoteSwiftPackageReference section */

/* Begin XCSwiftPackageProductDependency section */
		E42DA5FB28A533B1001264CC /* FirebaseAuth */ = {
			isa = XCSwiftPackageProductDependency;
			package = E42DA5FA28A533B1001264CC /* XCRemoteSwiftPackageReference "firebase-ios-sdk" */;
			productName = FirebaseAuth;
		};
		E42DA5FD28A533B1001264CC /* FirebaseFirestore */ = {
			isa = XCSwiftPackageProductDependency;
			package = E42DA5FA28A533B1001264CC /* XCRemoteSwiftPackageReference "firebase-ios-sdk" */;
			productName = FirebaseFirestore;
		};
		E42DA5FF28A533B1001264CC /* FirebaseFirestoreSwift */ = {
			isa = XCSwiftPackageProductDependency;
			package = E42DA5FA28A533B1001264CC /* XCRemoteSwiftPackageReference "firebase-ios-sdk" */;
			productName = FirebaseFirestoreSwift;
		};
		E450711028A5369D0077EB88 /* Swinject */ = {
			isa = XCSwiftPackageProductDependency;
			package = E450710F28A5369D0077EB88 /* XCRemoteSwiftPackageReference "Swinject" */;
			productName = Swinject;
		};
		E450711328A536BB0077EB88 /* SwinjectStoryboard */ = {
			isa = XCSwiftPackageProductDependency;
			package = E450711228A536BB0077EB88 /* XCRemoteSwiftPackageReference "SwinjectStoryboard" */;
			productName = SwinjectStoryboard;
		};
/* End XCSwiftPackageProductDependency section */
	};
	rootObject = 670A80CD287BFE6300606DEA /* Project object */;
}
